// !$*UTF8*$!
{
	archiveVersion = 1;
	classes = {
	};
	objectVersion = 46;
	objects = {

/* Begin PBXBuildFile section */
		870C4B9C1E3CB0F700AF6DE7 /* AppDelegate.swift in Sources */ = {isa = PBXBuildFile; fileRef = 870C4B9B1E3CB0F700AF6DE7 /* AppDelegate.swift */; };
		870C4B9E1E3CB0F700AF6DE7 /* ViewController.swift in Sources */ = {isa = PBXBuildFile; fileRef = 870C4B9D1E3CB0F700AF6DE7 /* ViewController.swift */; };
		870C4BA11E3CB0F700AF6DE7 /* Main.storyboard in Resources */ = {isa = PBXBuildFile; fileRef = 870C4B9F1E3CB0F700AF6DE7 /* Main.storyboard */; };
		870C4BA31E3CB0F800AF6DE7 /* Assets.xcassets in Resources */ = {isa = PBXBuildFile; fileRef = 870C4BA21E3CB0F800AF6DE7 /* Assets.xcassets */; };
		870C4BAE1E3CB0F800AF6DE7 /* StageUITests.swift in Sources */ = {isa = PBXBuildFile; fileRef = 870C4BAD1E3CB0F800AF6DE7 /* StageUITests.swift */; };
		870C4BC41E3CB10500AF6DE7 /* Computer.framework in Frameworks */ = {isa = PBXBuildFile; fileRef = 870C4BBB1E3CB10500AF6DE7 /* Computer.framework */; };
		870C4BCB1E3CB10500AF6DE7 /* ComputerTests.swift in Sources */ = {isa = PBXBuildFile; fileRef = 870C4BCA1E3CB10500AF6DE7 /* ComputerTests.swift */; };
		870C4BCD1E3CB10500AF6DE7 /* Computer.h in Headers */ = {isa = PBXBuildFile; fileRef = 870C4BBD1E3CB10500AF6DE7 /* Computer.h */; settings = {ATTRIBUTES = (Public, ); }; };
		870C4BD01E3CB10500AF6DE7 /* Computer.framework in Frameworks */ = {isa = PBXBuildFile; fileRef = 870C4BBB1E3CB10500AF6DE7 /* Computer.framework */; };
		870C4BD11E3CB10500AF6DE7 /* Computer.framework in Embed Frameworks */ = {isa = PBXBuildFile; fileRef = 870C4BBB1E3CB10500AF6DE7 /* Computer.framework */; settings = {ATTRIBUTES = (CodeSignOnCopy, RemoveHeadersOnCopy, ); }; };
		870C4BDD1E3CB11100AF6DE7 /* Computer.swift in Sources */ = {isa = PBXBuildFile; fileRef = 870C4BD91E3CB11100AF6DE7 /* Computer.swift */; };
		870C4BDE1E3CB11100AF6DE7 /* Linear.metal in Sources */ = {isa = PBXBuildFile; fileRef = 870C4BDA1E3CB11100AF6DE7 /* Linear.metal */; };
		870C4BDF1E3CB11100AF6DE7 /* NonLinear.metal in Sources */ = {isa = PBXBuildFile; fileRef = 870C4BDB1E3CB11100AF6DE7 /* NonLinear.metal */; };
		870C4BE01E3CB11100AF6DE7 /* NonLinear.swift in Sources */ = {isa = PBXBuildFile; fileRef = 870C4BDC1E3CB11100AF6DE7 /* NonLinear.swift */; };
		870C4C391E3CBB8000AF6DE7 /* Linear.swift in Sources */ = {isa = PBXBuildFile; fileRef = 870C4C381E3CBB8000AF6DE7 /* Linear.swift */; };
		870C4C821E3D63A500AF6DE7 /* Distributor.framework in Frameworks */ = {isa = PBXBuildFile; fileRef = 870C4C791E3D63A500AF6DE7 /* Distributor.framework */; };
		870C4C891E3D63A500AF6DE7 /* DistributorTests.swift in Sources */ = {isa = PBXBuildFile; fileRef = 870C4C881E3D63A500AF6DE7 /* DistributorTests.swift */; };
		870C4C8B1E3D63A500AF6DE7 /* Distributor.h in Headers */ = {isa = PBXBuildFile; fileRef = 870C4C7B1E3D63A500AF6DE7 /* Distributor.h */; settings = {ATTRIBUTES = (Public, ); }; };
		870C4C8F1E3D63A500AF6DE7 /* Distributor.framework in Embed Frameworks */ = {isa = PBXBuildFile; fileRef = 870C4C791E3D63A500AF6DE7 /* Distributor.framework */; settings = {ATTRIBUTES = (CodeSignOnCopy, RemoveHeadersOnCopy, ); }; };
		870C4C9B1E3D63B200AF6DE7 /* Cauchy.metal in Sources */ = {isa = PBXBuildFile; fileRef = 870C4C961E3D63B200AF6DE7 /* Cauchy.metal */; };
		870C4C9C1E3D63B200AF6DE7 /* Cauchy.swift in Sources */ = {isa = PBXBuildFile; fileRef = 870C4C971E3D63B200AF6DE7 /* Cauchy.swift */; };
		870C4C9D1E3D63B200AF6DE7 /* Distributior.swift in Sources */ = {isa = PBXBuildFile; fileRef = 870C4C981E3D63B200AF6DE7 /* Distributior.swift */; };
		870C4C9E1E3D63B200AF6DE7 /* Gauss.metal in Sources */ = {isa = PBXBuildFile; fileRef = 870C4C991E3D63B200AF6DE7 /* Gauss.metal */; };
		870C4C9F1E3D63B200AF6DE7 /* Gauss.swift in Sources */ = {isa = PBXBuildFile; fileRef = 870C4C9A1E3D63B200AF6DE7 /* Gauss.swift */; };
		8740ED621E41C63F00D6B6B1 /* Optimizer.framework in Frameworks */ = {isa = PBXBuildFile; fileRef = 8740ED591E41C63F00D6B6B1 /* Optimizer.framework */; };
		8740ED691E41C63F00D6B6B1 /* OptimizerTests.swift in Sources */ = {isa = PBXBuildFile; fileRef = 8740ED681E41C63F00D6B6B1 /* OptimizerTests.swift */; };
		8740ED6B1E41C63F00D6B6B1 /* Optimizer.h in Headers */ = {isa = PBXBuildFile; fileRef = 8740ED5B1E41C63F00D6B6B1 /* Optimizer.h */; settings = {ATTRIBUTES = (Public, ); }; };
		8740ED6E1E41C63F00D6B6B1 /* Optimizer.framework in Frameworks */ = {isa = PBXBuildFile; fileRef = 8740ED591E41C63F00D6B6B1 /* Optimizer.framework */; };
		8740ED6F1E41C63F00D6B6B1 /* Optimizer.framework in Embed Frameworks */ = {isa = PBXBuildFile; fileRef = 8740ED591E41C63F00D6B6B1 /* Optimizer.framework */; settings = {ATTRIBUTES = (CodeSignOnCopy, RemoveHeadersOnCopy, ); }; };
		8740ED771E41C66C00D6B6B1 /* OptimizerTests.metal in Sources */ = {isa = PBXBuildFile; fileRef = 8740ED761E41C66C00D6B6B1 /* OptimizerTests.metal */; };
		8740ED811E41C67A00D6B6B1 /* AdaDelta.metal in Sources */ = {isa = PBXBuildFile; fileRef = 8740ED781E41C67A00D6B6B1 /* AdaDelta.metal */; };
		8740ED821E41C67A00D6B6B1 /* AdaDelta.swift in Sources */ = {isa = PBXBuildFile; fileRef = 8740ED791E41C67A00D6B6B1 /* AdaDelta.swift */; };
		8740ED831E41C67A00D6B6B1 /* Momentum.metal in Sources */ = {isa = PBXBuildFile; fileRef = 8740ED7A1E41C67A00D6B6B1 /* Momentum.metal */; };
		8740ED841E41C67A00D6B6B1 /* Momentum.swift in Sources */ = {isa = PBXBuildFile; fileRef = 8740ED7B1E41C67A00D6B6B1 /* Momentum.swift */; };
		8740ED851E41C67A00D6B6B1 /* MomentumAdaDelta.metal in Sources */ = {isa = PBXBuildFile; fileRef = 8740ED7C1E41C67A00D6B6B1 /* MomentumAdaDelta.metal */; };
		8740ED861E41C67A00D6B6B1 /* MomentumAdaDelta.swift in Sources */ = {isa = PBXBuildFile; fileRef = 8740ED7D1E41C67A00D6B6B1 /* MomentumAdaDelta.swift */; };
		8740ED871E41C67A00D6B6B1 /* Optimizer.swift in Sources */ = {isa = PBXBuildFile; fileRef = 8740ED7E1E41C67A00D6B6B1 /* Optimizer.swift */; };
		8740ED881E41C67A00D6B6B1 /* StochasticGradientDescent.metal in Sources */ = {isa = PBXBuildFile; fileRef = 8740ED7F1E41C67A00D6B6B1 /* StochasticGradientDescent.metal */; };
		8740ED891E41C67A00D6B6B1 /* StochasticGradientDescent.swift in Sources */ = {isa = PBXBuildFile; fileRef = 8740ED801E41C67A00D6B6B1 /* StochasticGradientDescent.swift */; };
		87BD66571E6E934000811ACF /* Math.framework in Frameworks */ = {isa = PBXBuildFile; fileRef = 87BD664E1E6E933F00811ACF /* Math.framework */; };
		87BD665E1E6E934000811ACF /* MathTests.swift in Sources */ = {isa = PBXBuildFile; fileRef = 87BD665D1E6E934000811ACF /* MathTests.swift */; };
		87BD66601E6E934000811ACF /* main.h in Headers */ = {isa = PBXBuildFile; fileRef = 87BD66501E6E933F00811ACF /* main.h */; settings = {ATTRIBUTES = (Public, ); }; };
		87BD66631E6E934000811ACF /* Math.framework in Frameworks */ = {isa = PBXBuildFile; fileRef = 87BD664E1E6E933F00811ACF /* Math.framework */; };
		87BD66641E6E934000811ACF /* Math.framework in Embed Frameworks */ = {isa = PBXBuildFile; fileRef = 87BD664E1E6E933F00811ACF /* Math.framework */; settings = {ATTRIBUTES = (CodeSignOnCopy, RemoveHeadersOnCopy, ); }; };
		87BD66701E6E934C00811ACF /* Math.swift in Sources */ = {isa = PBXBuildFile; fileRef = 87BD666B1E6E934C00811ACF /* Math.swift */; };
		87BD66711E6E934C00811ACF /* matrix.metal in Sources */ = {isa = PBXBuildFile; fileRef = 87BD666C1E6E934C00811ACF /* matrix.metal */; };
		87BD66721E6E934C00811ACF /* matrix.swift in Sources */ = {isa = PBXBuildFile; fileRef = 87BD666D1E6E934C00811ACF /* matrix.swift */; };
		87BD66731E6E934C00811ACF /* vector.metal in Sources */ = {isa = PBXBuildFile; fileRef = 87BD666E1E6E934C00811ACF /* vector.metal */; };
		87BD66741E6E934C00811ACF /* vector.swift in Sources */ = {isa = PBXBuildFile; fileRef = 87BD666F1E6E934C00811ACF /* vector.swift */; };
		87F00B0D1E41FD330063F198 /* Adam.swift in Sources */ = {isa = PBXBuildFile; fileRef = 87F00B0C1E41FD330063F198 /* Adam.swift */; };
		87F00B0F1E41FD400063F198 /* Adam.metal in Sources */ = {isa = PBXBuildFile; fileRef = 87F00B0E1E41FD400063F198 /* Adam.metal */; };
/* End PBXBuildFile section */

/* Begin PBXContainerItemProxy section */
		870C4BAA1E3CB0F800AF6DE7 /* PBXContainerItemProxy */ = {
			isa = PBXContainerItemProxy;
			containerPortal = 875931481E3B40C5006B60FF /* Project object */;
			proxyType = 1;
			remoteGlobalIDString = 870C4B971E3CB0F700AF6DE7;
			remoteInfo = Stage;
		};
		870C4BC51E3CB10500AF6DE7 /* PBXContainerItemProxy */ = {
			isa = PBXContainerItemProxy;
			containerPortal = 875931481E3B40C5006B60FF /* Project object */;
			proxyType = 1;
			remoteGlobalIDString = 870C4BBA1E3CB10500AF6DE7;
			remoteInfo = Computer;
		};
		870C4BC71E3CB10500AF6DE7 /* PBXContainerItemProxy */ = {
			isa = PBXContainerItemProxy;
			containerPortal = 875931481E3B40C5006B60FF /* Project object */;
			proxyType = 1;
			remoteGlobalIDString = 870C4B971E3CB0F700AF6DE7;
			remoteInfo = Stage;
		};
		870C4BCE1E3CB10500AF6DE7 /* PBXContainerItemProxy */ = {
			isa = PBXContainerItemProxy;
			containerPortal = 875931481E3B40C5006B60FF /* Project object */;
			proxyType = 1;
			remoteGlobalIDString = 870C4BBA1E3CB10500AF6DE7;
			remoteInfo = Computer;
		};
		870C4C831E3D63A500AF6DE7 /* PBXContainerItemProxy */ = {
			isa = PBXContainerItemProxy;
			containerPortal = 875931481E3B40C5006B60FF /* Project object */;
			proxyType = 1;
			remoteGlobalIDString = 870C4C781E3D63A500AF6DE7;
			remoteInfo = Distributor;
		};
		870C4C851E3D63A500AF6DE7 /* PBXContainerItemProxy */ = {
			isa = PBXContainerItemProxy;
			containerPortal = 875931481E3B40C5006B60FF /* Project object */;
			proxyType = 1;
			remoteGlobalIDString = 870C4B971E3CB0F700AF6DE7;
			remoteInfo = Stage;
		};
		8740ED631E41C63F00D6B6B1 /* PBXContainerItemProxy */ = {
			isa = PBXContainerItemProxy;
			containerPortal = 875931481E3B40C5006B60FF /* Project object */;
			proxyType = 1;
			remoteGlobalIDString = 8740ED581E41C63F00D6B6B1;
			remoteInfo = Optimizer;
		};
		8740ED651E41C63F00D6B6B1 /* PBXContainerItemProxy */ = {
			isa = PBXContainerItemProxy;
			containerPortal = 875931481E3B40C5006B60FF /* Project object */;
			proxyType = 1;
			remoteGlobalIDString = 870C4B971E3CB0F700AF6DE7;
			remoteInfo = Stage;
		};
		8740ED6C1E41C63F00D6B6B1 /* PBXContainerItemProxy */ = {
			isa = PBXContainerItemProxy;
			containerPortal = 875931481E3B40C5006B60FF /* Project object */;
			proxyType = 1;
			remoteGlobalIDString = 8740ED581E41C63F00D6B6B1;
			remoteInfo = Optimizer;
		};
		87BD66581E6E934000811ACF /* PBXContainerItemProxy */ = {
			isa = PBXContainerItemProxy;
			containerPortal = 875931481E3B40C5006B60FF /* Project object */;
			proxyType = 1;
			remoteGlobalIDString = 87BD664D1E6E933F00811ACF;
			remoteInfo = Math;
		};
		87BD665A1E6E934000811ACF /* PBXContainerItemProxy */ = {
			isa = PBXContainerItemProxy;
			containerPortal = 875931481E3B40C5006B60FF /* Project object */;
			proxyType = 1;
			remoteGlobalIDString = 870C4B971E3CB0F700AF6DE7;
			remoteInfo = Stage;
		};
		87BD66611E6E934000811ACF /* PBXContainerItemProxy */ = {
			isa = PBXContainerItemProxy;
			containerPortal = 875931481E3B40C5006B60FF /* Project object */;
			proxyType = 1;
			remoteGlobalIDString = 87BD664D1E6E933F00811ACF;
			remoteInfo = Math;
		};
/* End PBXContainerItemProxy section */

/* Begin PBXCopyFilesBuildPhase section */
		870C4BD51E3CB10500AF6DE7 /* Embed Frameworks */ = {
			isa = PBXCopyFilesBuildPhase;
			buildActionMask = 2147483647;
			dstPath = "";
			dstSubfolderSpec = 10;
			files = (
				87BD66641E6E934000811ACF /* Math.framework in Embed Frameworks */,
				8740ED6F1E41C63F00D6B6B1 /* Optimizer.framework in Embed Frameworks */,
				870C4C8F1E3D63A500AF6DE7 /* Distributor.framework in Embed Frameworks */,
				870C4BD11E3CB10500AF6DE7 /* Computer.framework in Embed Frameworks */,
			);
			name = "Embed Frameworks";
			runOnlyForDeploymentPostprocessing = 0;
		};
/* End PBXCopyFilesBuildPhase section */

/* Begin PBXFileReference section */
		870C4B981E3CB0F700AF6DE7 /* Stage.app */ = {isa = PBXFileReference; explicitFileType = wrapper.application; includeInIndex = 0; path = Stage.app; sourceTree = BUILT_PRODUCTS_DIR; };
		870C4B9B1E3CB0F700AF6DE7 /* AppDelegate.swift */ = {isa = PBXFileReference; lastKnownFileType = sourcecode.swift; path = AppDelegate.swift; sourceTree = "<group>"; };
		870C4B9D1E3CB0F700AF6DE7 /* ViewController.swift */ = {isa = PBXFileReference; lastKnownFileType = sourcecode.swift; path = ViewController.swift; sourceTree = "<group>"; };
		870C4BA01E3CB0F700AF6DE7 /* Base */ = {isa = PBXFileReference; lastKnownFileType = file.storyboard; name = Base; path = Base.lproj/Main.storyboard; sourceTree = "<group>"; };
		870C4BA21E3CB0F800AF6DE7 /* Assets.xcassets */ = {isa = PBXFileReference; lastKnownFileType = folder.assetcatalog; path = Assets.xcassets; sourceTree = "<group>"; };
		870C4BA41E3CB0F800AF6DE7 /* Info.plist */ = {isa = PBXFileReference; lastKnownFileType = text.plist.xml; path = Info.plist; sourceTree = "<group>"; };
		870C4BA91E3CB0F800AF6DE7 /* StageUITests.xctest */ = {isa = PBXFileReference; explicitFileType = wrapper.cfbundle; includeInIndex = 0; path = StageUITests.xctest; sourceTree = BUILT_PRODUCTS_DIR; };
		870C4BAD1E3CB0F800AF6DE7 /* StageUITests.swift */ = {isa = PBXFileReference; lastKnownFileType = sourcecode.swift; path = StageUITests.swift; sourceTree = "<group>"; };
		870C4BAF1E3CB0F800AF6DE7 /* Info.plist */ = {isa = PBXFileReference; lastKnownFileType = text.plist.xml; path = Info.plist; sourceTree = "<group>"; };
		870C4BBB1E3CB10500AF6DE7 /* Computer.framework */ = {isa = PBXFileReference; explicitFileType = wrapper.framework; includeInIndex = 0; path = Computer.framework; sourceTree = BUILT_PRODUCTS_DIR; };
		870C4BBD1E3CB10500AF6DE7 /* Computer.h */ = {isa = PBXFileReference; lastKnownFileType = sourcecode.c.h; path = Computer.h; sourceTree = "<group>"; };
		870C4BBE1E3CB10500AF6DE7 /* Info.plist */ = {isa = PBXFileReference; lastKnownFileType = text.plist.xml; path = Info.plist; sourceTree = "<group>"; };
		870C4BC31E3CB10500AF6DE7 /* ComputerTests.xctest */ = {isa = PBXFileReference; explicitFileType = wrapper.cfbundle; includeInIndex = 0; path = ComputerTests.xctest; sourceTree = BUILT_PRODUCTS_DIR; };
		870C4BCA1E3CB10500AF6DE7 /* ComputerTests.swift */ = {isa = PBXFileReference; lastKnownFileType = sourcecode.swift; path = ComputerTests.swift; sourceTree = "<group>"; };
		870C4BCC1E3CB10500AF6DE7 /* Info.plist */ = {isa = PBXFileReference; lastKnownFileType = text.plist.xml; path = Info.plist; sourceTree = "<group>"; };
		870C4BD91E3CB11100AF6DE7 /* Computer.swift */ = {isa = PBXFileReference; fileEncoding = 4; lastKnownFileType = sourcecode.swift; name = Computer.swift; path = ../../Computer/Computer.swift; sourceTree = "<group>"; };
		870C4BDA1E3CB11100AF6DE7 /* Linear.metal */ = {isa = PBXFileReference; fileEncoding = 4; lastKnownFileType = sourcecode.metal; name = Linear.metal; path = ../../Computer/Linear.metal; sourceTree = "<group>"; };
		870C4BDB1E3CB11100AF6DE7 /* NonLinear.metal */ = {isa = PBXFileReference; fileEncoding = 4; lastKnownFileType = sourcecode.metal; name = NonLinear.metal; path = ../../Computer/NonLinear.metal; sourceTree = "<group>"; };
		870C4BDC1E3CB11100AF6DE7 /* NonLinear.swift */ = {isa = PBXFileReference; fileEncoding = 4; lastKnownFileType = sourcecode.swift; name = NonLinear.swift; path = ../../Computer/NonLinear.swift; sourceTree = "<group>"; };
		870C4C381E3CBB8000AF6DE7 /* Linear.swift */ = {isa = PBXFileReference; fileEncoding = 4; lastKnownFileType = sourcecode.swift; name = Linear.swift; path = ../../Computer/Linear.swift; sourceTree = "<group>"; };
		870C4C791E3D63A500AF6DE7 /* Distributor.framework */ = {isa = PBXFileReference; explicitFileType = wrapper.framework; includeInIndex = 0; path = Distributor.framework; sourceTree = BUILT_PRODUCTS_DIR; };
		870C4C7B1E3D63A500AF6DE7 /* Distributor.h */ = {isa = PBXFileReference; lastKnownFileType = sourcecode.c.h; path = Distributor.h; sourceTree = "<group>"; };
		870C4C7C1E3D63A500AF6DE7 /* Info.plist */ = {isa = PBXFileReference; lastKnownFileType = text.plist.xml; path = Info.plist; sourceTree = "<group>"; };
		870C4C811E3D63A500AF6DE7 /* DistributorTests.xctest */ = {isa = PBXFileReference; explicitFileType = wrapper.cfbundle; includeInIndex = 0; path = DistributorTests.xctest; sourceTree = BUILT_PRODUCTS_DIR; };
		870C4C881E3D63A500AF6DE7 /* DistributorTests.swift */ = {isa = PBXFileReference; lastKnownFileType = sourcecode.swift; path = DistributorTests.swift; sourceTree = "<group>"; };
		870C4C8A1E3D63A500AF6DE7 /* Info.plist */ = {isa = PBXFileReference; lastKnownFileType = text.plist.xml; path = Info.plist; sourceTree = "<group>"; };
		870C4C961E3D63B200AF6DE7 /* Cauchy.metal */ = {isa = PBXFileReference; fileEncoding = 4; lastKnownFileType = sourcecode.metal; name = Cauchy.metal; path = ../../Distributior/Cauchy.metal; sourceTree = "<group>"; };
		870C4C971E3D63B200AF6DE7 /* Cauchy.swift */ = {isa = PBXFileReference; fileEncoding = 4; lastKnownFileType = sourcecode.swift; name = Cauchy.swift; path = ../../Distributior/Cauchy.swift; sourceTree = "<group>"; };
		870C4C981E3D63B200AF6DE7 /* Distributior.swift */ = {isa = PBXFileReference; fileEncoding = 4; lastKnownFileType = sourcecode.swift; name = Distributior.swift; path = ../../Distributior/Distributior.swift; sourceTree = "<group>"; };
		870C4C991E3D63B200AF6DE7 /* Gauss.metal */ = {isa = PBXFileReference; fileEncoding = 4; lastKnownFileType = sourcecode.metal; name = Gauss.metal; path = ../../Distributior/Gauss.metal; sourceTree = "<group>"; };
		870C4C9A1E3D63B200AF6DE7 /* Gauss.swift */ = {isa = PBXFileReference; fileEncoding = 4; lastKnownFileType = sourcecode.swift; name = Gauss.swift; path = ../../Distributior/Gauss.swift; sourceTree = "<group>"; };
		8740ED591E41C63F00D6B6B1 /* Optimizer.framework */ = {isa = PBXFileReference; explicitFileType = wrapper.framework; includeInIndex = 0; path = Optimizer.framework; sourceTree = BUILT_PRODUCTS_DIR; };
		8740ED5B1E41C63F00D6B6B1 /* Optimizer.h */ = {isa = PBXFileReference; lastKnownFileType = sourcecode.c.h; path = Optimizer.h; sourceTree = "<group>"; };
		8740ED5C1E41C63F00D6B6B1 /* Info.plist */ = {isa = PBXFileReference; lastKnownFileType = text.plist.xml; path = Info.plist; sourceTree = "<group>"; };
		8740ED611E41C63F00D6B6B1 /* OptimizerTests.xctest */ = {isa = PBXFileReference; explicitFileType = wrapper.cfbundle; includeInIndex = 0; path = OptimizerTests.xctest; sourceTree = BUILT_PRODUCTS_DIR; };
		8740ED681E41C63F00D6B6B1 /* OptimizerTests.swift */ = {isa = PBXFileReference; lastKnownFileType = sourcecode.swift; path = OptimizerTests.swift; sourceTree = "<group>"; };
		8740ED6A1E41C63F00D6B6B1 /* Info.plist */ = {isa = PBXFileReference; lastKnownFileType = text.plist.xml; path = Info.plist; sourceTree = "<group>"; };
		8740ED761E41C66C00D6B6B1 /* OptimizerTests.metal */ = {isa = PBXFileReference; fileEncoding = 4; lastKnownFileType = sourcecode.metal; path = OptimizerTests.metal; sourceTree = "<group>"; };
		8740ED781E41C67A00D6B6B1 /* AdaDelta.metal */ = {isa = PBXFileReference; fileEncoding = 4; lastKnownFileType = sourcecode.metal; name = AdaDelta.metal; path = ../../Optimizer/AdaDelta.metal; sourceTree = "<group>"; };
		8740ED791E41C67A00D6B6B1 /* AdaDelta.swift */ = {isa = PBXFileReference; fileEncoding = 4; lastKnownFileType = sourcecode.swift; name = AdaDelta.swift; path = ../../Optimizer/AdaDelta.swift; sourceTree = "<group>"; };
		8740ED7A1E41C67A00D6B6B1 /* Momentum.metal */ = {isa = PBXFileReference; fileEncoding = 4; lastKnownFileType = sourcecode.metal; name = Momentum.metal; path = ../../Optimizer/Momentum.metal; sourceTree = "<group>"; };
		8740ED7B1E41C67A00D6B6B1 /* Momentum.swift */ = {isa = PBXFileReference; fileEncoding = 4; lastKnownFileType = sourcecode.swift; name = Momentum.swift; path = ../../Optimizer/Momentum.swift; sourceTree = "<group>"; };
		8740ED7C1E41C67A00D6B6B1 /* MomentumAdaDelta.metal */ = {isa = PBXFileReference; fileEncoding = 4; lastKnownFileType = sourcecode.metal; name = MomentumAdaDelta.metal; path = ../../Optimizer/MomentumAdaDelta.metal; sourceTree = "<group>"; };
		8740ED7D1E41C67A00D6B6B1 /* MomentumAdaDelta.swift */ = {isa = PBXFileReference; fileEncoding = 4; lastKnownFileType = sourcecode.swift; name = MomentumAdaDelta.swift; path = ../../Optimizer/MomentumAdaDelta.swift; sourceTree = "<group>"; };
		8740ED7E1E41C67A00D6B6B1 /* Optimizer.swift */ = {isa = PBXFileReference; fileEncoding = 4; lastKnownFileType = sourcecode.swift; name = Optimizer.swift; path = ../../Optimizer/Optimizer.swift; sourceTree = "<group>"; };
		8740ED7F1E41C67A00D6B6B1 /* StochasticGradientDescent.metal */ = {isa = PBXFileReference; fileEncoding = 4; lastKnownFileType = sourcecode.metal; name = StochasticGradientDescent.metal; path = ../../Optimizer/StochasticGradientDescent.metal; sourceTree = "<group>"; };
		8740ED801E41C67A00D6B6B1 /* StochasticGradientDescent.swift */ = {isa = PBXFileReference; fileEncoding = 4; lastKnownFileType = sourcecode.swift; name = StochasticGradientDescent.swift; path = ../../Optimizer/StochasticGradientDescent.swift; sourceTree = "<group>"; };
		87BD664E1E6E933F00811ACF /* Math.framework */ = {isa = PBXFileReference; explicitFileType = wrapper.framework; includeInIndex = 0; path = Math.framework; sourceTree = BUILT_PRODUCTS_DIR; };
		87BD66501E6E933F00811ACF /* main.h */ = {isa = PBXFileReference; lastKnownFileType = sourcecode.c.h; path = main.h; sourceTree = "<group>"; };
		87BD66511E6E933F00811ACF /* Info.plist */ = {isa = PBXFileReference; lastKnownFileType = text.plist.xml; path = Info.plist; sourceTree = "<group>"; };
		87BD66561E6E933F00811ACF /* MathTests.xctest */ = {isa = PBXFileReference; explicitFileType = wrapper.cfbundle; includeInIndex = 0; path = MathTests.xctest; sourceTree = BUILT_PRODUCTS_DIR; };
		87BD665D1E6E934000811ACF /* MathTests.swift */ = {isa = PBXFileReference; lastKnownFileType = sourcecode.swift; path = MathTests.swift; sourceTree = "<group>"; };
		87BD665F1E6E934000811ACF /* Info.plist */ = {isa = PBXFileReference; lastKnownFileType = text.plist.xml; path = Info.plist; sourceTree = "<group>"; };
		87BD666B1E6E934C00811ACF /* Math.swift */ = {isa = PBXFileReference; fileEncoding = 4; lastKnownFileType = sourcecode.swift; name = Math.swift; path = ../../Math/Math.swift; sourceTree = "<group>"; };
		87BD666C1E6E934C00811ACF /* matrix.metal */ = {isa = PBXFileReference; fileEncoding = 4; lastKnownFileType = sourcecode.metal; name = matrix.metal; path = ../../Math/matrix.metal; sourceTree = "<group>"; };
		87BD666D1E6E934C00811ACF /* matrix.swift */ = {isa = PBXFileReference; fileEncoding = 4; lastKnownFileType = sourcecode.swift; name = matrix.swift; path = ../../Math/matrix.swift; sourceTree = "<group>"; };
		87BD666E1E6E934C00811ACF /* vector.metal */ = {isa = PBXFileReference; fileEncoding = 4; lastKnownFileType = sourcecode.metal; name = vector.metal; path = ../../Math/vector.metal; sourceTree = "<group>"; };
		87BD666F1E6E934C00811ACF /* vector.swift */ = {isa = PBXFileReference; fileEncoding = 4; lastKnownFileType = sourcecode.swift; name = vector.swift; path = ../../Math/vector.swift; sourceTree = "<group>"; };
		87F00B0C1E41FD330063F198 /* Adam.swift */ = {isa = PBXFileReference; fileEncoding = 4; lastKnownFileType = sourcecode.swift; name = Adam.swift; path = ../../Optimizer/Adam.swift; sourceTree = "<group>"; };
		87F00B0E1E41FD400063F198 /* Adam.metal */ = {isa = PBXFileReference; fileEncoding = 4; lastKnownFileType = sourcecode.metal; name = Adam.metal; path = ../../Optimizer/Adam.metal; sourceTree = "<group>"; };
/* End PBXFileReference section */

/* Begin PBXFrameworksBuildPhase section */
		870C4B951E3CB0F700AF6DE7 /* Frameworks */ = {
			isa = PBXFrameworksBuildPhase;
			buildActionMask = 2147483647;
			files = (
				8740ED6E1E41C63F00D6B6B1 /* Optimizer.framework in Frameworks */,
				87BD66631E6E934000811ACF /* Math.framework in Frameworks */,
				870C4BD01E3CB10500AF6DE7 /* Computer.framework in Frameworks */,
			);
			runOnlyForDeploymentPostprocessing = 0;
		};
		870C4BA61E3CB0F800AF6DE7 /* Frameworks */ = {
			isa = PBXFrameworksBuildPhase;
			buildActionMask = 2147483647;
			files = (
			);
			runOnlyForDeploymentPostprocessing = 0;
		};
		870C4BB71E3CB10500AF6DE7 /* Frameworks */ = {
			isa = PBXFrameworksBuildPhase;
			buildActionMask = 2147483647;
			files = (
			);
			runOnlyForDeploymentPostprocessing = 0;
		};
		870C4BC01E3CB10500AF6DE7 /* Frameworks */ = {
			isa = PBXFrameworksBuildPhase;
			buildActionMask = 2147483647;
			files = (
				870C4BC41E3CB10500AF6DE7 /* Computer.framework in Frameworks */,
			);
			runOnlyForDeploymentPostprocessing = 0;
		};
		870C4C751E3D63A500AF6DE7 /* Frameworks */ = {
			isa = PBXFrameworksBuildPhase;
			buildActionMask = 2147483647;
			files = (
			);
			runOnlyForDeploymentPostprocessing = 0;
		};
		870C4C7E1E3D63A500AF6DE7 /* Frameworks */ = {
			isa = PBXFrameworksBuildPhase;
			buildActionMask = 2147483647;
			files = (
				870C4C821E3D63A500AF6DE7 /* Distributor.framework in Frameworks */,
			);
			runOnlyForDeploymentPostprocessing = 0;
		};
		8740ED551E41C63F00D6B6B1 /* Frameworks */ = {
			isa = PBXFrameworksBuildPhase;
			buildActionMask = 2147483647;
			files = (
			);
			runOnlyForDeploymentPostprocessing = 0;
		};
		8740ED5E1E41C63F00D6B6B1 /* Frameworks */ = {
			isa = PBXFrameworksBuildPhase;
			buildActionMask = 2147483647;
			files = (
				8740ED621E41C63F00D6B6B1 /* Optimizer.framework in Frameworks */,
			);
			runOnlyForDeploymentPostprocessing = 0;
		};
		87BD664A1E6E933F00811ACF /* Frameworks */ = {
			isa = PBXFrameworksBuildPhase;
			buildActionMask = 2147483647;
			files = (
			);
			runOnlyForDeploymentPostprocessing = 0;
		};
		87BD66531E6E933F00811ACF /* Frameworks */ = {
			isa = PBXFrameworksBuildPhase;
			buildActionMask = 2147483647;
			files = (
				87BD66571E6E934000811ACF /* Math.framework in Frameworks */,
			);
			runOnlyForDeploymentPostprocessing = 0;
		};
/* End PBXFrameworksBuildPhase section */

/* Begin PBXGroup section */
		870C4B991E3CB0F700AF6DE7 /* Products */ = {
			isa = PBXGroup;
			children = (
				870C4B981E3CB0F700AF6DE7 /* Stage.app */,
				870C4BA91E3CB0F800AF6DE7 /* StageUITests.xctest */,
				870C4BBB1E3CB10500AF6DE7 /* Computer.framework */,
				870C4BC31E3CB10500AF6DE7 /* ComputerTests.xctest */,
				870C4C791E3D63A500AF6DE7 /* Distributor.framework */,
				870C4C811E3D63A500AF6DE7 /* DistributorTests.xctest */,
				8740ED591E41C63F00D6B6B1 /* Optimizer.framework */,
				8740ED611E41C63F00D6B6B1 /* OptimizerTests.xctest */,
				87BD664E1E6E933F00811ACF /* Math.framework */,
				87BD66561E6E933F00811ACF /* MathTests.xctest */,
			);
			name = Products;
			sourceTree = "<group>";
		};
		870C4B9A1E3CB0F700AF6DE7 /* Stage */ = {
			isa = PBXGroup;
			children = (
				870C4B9B1E3CB0F700AF6DE7 /* AppDelegate.swift */,
				870C4B9D1E3CB0F700AF6DE7 /* ViewController.swift */,
				870C4B9F1E3CB0F700AF6DE7 /* Main.storyboard */,
				870C4BA21E3CB0F800AF6DE7 /* Assets.xcassets */,
				870C4BA41E3CB0F800AF6DE7 /* Info.plist */,
			);
			path = Stage;
			sourceTree = "<group>";
		};
		870C4BAC1E3CB0F800AF6DE7 /* StageUITests */ = {
			isa = PBXGroup;
			children = (
				870C4BAD1E3CB0F800AF6DE7 /* StageUITests.swift */,
				870C4BAF1E3CB0F800AF6DE7 /* Info.plist */,
			);
			path = StageUITests;
			sourceTree = "<group>";
		};
		870C4BBC1E3CB10500AF6DE7 /* Computer */ = {
			isa = PBXGroup;
			children = (
				870C4BDC1E3CB11100AF6DE7 /* NonLinear.swift */,
				870C4BDB1E3CB11100AF6DE7 /* NonLinear.metal */,
				870C4C381E3CBB8000AF6DE7 /* Linear.swift */,
				870C4BDA1E3CB11100AF6DE7 /* Linear.metal */,
				870C4BD91E3CB11100AF6DE7 /* Computer.swift */,
				870C4BBD1E3CB10500AF6DE7 /* Computer.h */,
				870C4BBE1E3CB10500AF6DE7 /* Info.plist */,
			);
			path = Computer;
			sourceTree = "<group>";
		};
		870C4BC91E3CB10500AF6DE7 /* ComputerTests */ = {
			isa = PBXGroup;
			children = (
				870C4BCA1E3CB10500AF6DE7 /* ComputerTests.swift */,
				870C4BCC1E3CB10500AF6DE7 /* Info.plist */,
			);
			path = ComputerTests;
			sourceTree = "<group>";
		};
		870C4C7A1E3D63A500AF6DE7 /* Distributor */ = {
			isa = PBXGroup;
			children = (
				870C4C971E3D63B200AF6DE7 /* Cauchy.swift */,
				870C4C961E3D63B200AF6DE7 /* Cauchy.metal */,
				870C4C9A1E3D63B200AF6DE7 /* Gauss.swift */,
				870C4C991E3D63B200AF6DE7 /* Gauss.metal */,
				870C4C981E3D63B200AF6DE7 /* Distributior.swift */,
				870C4C7B1E3D63A500AF6DE7 /* Distributor.h */,
				870C4C7C1E3D63A500AF6DE7 /* Info.plist */,
			);
			path = Distributor;
			sourceTree = "<group>";
		};
		870C4C871E3D63A500AF6DE7 /* DistributorTests */ = {
			isa = PBXGroup;
			children = (
				870C4C881E3D63A500AF6DE7 /* DistributorTests.swift */,
				870C4C8A1E3D63A500AF6DE7 /* Info.plist */,
			);
			path = DistributorTests;
			sourceTree = "<group>";
		};
		8740ED5A1E41C63F00D6B6B1 /* Optimizer */ = {
			isa = PBXGroup;
			children = (
				87F00B0C1E41FD330063F198 /* Adam.swift */,
				87F00B0E1E41FD400063F198 /* Adam.metal */,
				8740ED791E41C67A00D6B6B1 /* AdaDelta.swift */,
				8740ED781E41C67A00D6B6B1 /* AdaDelta.metal */,
				8740ED7B1E41C67A00D6B6B1 /* Momentum.swift */,
				8740ED7A1E41C67A00D6B6B1 /* Momentum.metal */,
				8740ED7D1E41C67A00D6B6B1 /* MomentumAdaDelta.swift */,
				8740ED7C1E41C67A00D6B6B1 /* MomentumAdaDelta.metal */,
				8740ED801E41C67A00D6B6B1 /* StochasticGradientDescent.swift */,
				8740ED7F1E41C67A00D6B6B1 /* StochasticGradientDescent.metal */,
				8740ED7E1E41C67A00D6B6B1 /* Optimizer.swift */,
				8740ED5B1E41C63F00D6B6B1 /* Optimizer.h */,
				8740ED5C1E41C63F00D6B6B1 /* Info.plist */,
			);
			path = Optimizer;
			sourceTree = "<group>";
		};
		8740ED671E41C63F00D6B6B1 /* OptimizerTests */ = {
			isa = PBXGroup;
			children = (
				8740ED681E41C63F00D6B6B1 /* OptimizerTests.swift */,
				8740ED761E41C66C00D6B6B1 /* OptimizerTests.metal */,
				8740ED6A1E41C63F00D6B6B1 /* Info.plist */,
			);
			path = OptimizerTests;
			sourceTree = SOURCE_ROOT;
		};
		875931471E3B40C4006B60FF = {
			isa = PBXGroup;
			children = (
				870C4B9A1E3CB0F700AF6DE7 /* Stage */,
				870C4BAC1E3CB0F800AF6DE7 /* StageUITests */,
				870C4BBC1E3CB10500AF6DE7 /* Computer */,
				870C4BC91E3CB10500AF6DE7 /* ComputerTests */,
				870C4C7A1E3D63A500AF6DE7 /* Distributor */,
				870C4C871E3D63A500AF6DE7 /* DistributorTests */,
				8740ED5A1E41C63F00D6B6B1 /* Optimizer */,
				8740ED671E41C63F00D6B6B1 /* OptimizerTests */,
				87BD664F1E6E933F00811ACF /* Math */,
				87BD665C1E6E934000811ACF /* MathTests */,
				870C4B991E3CB0F700AF6DE7 /* Products */,
			);
			sourceTree = "<group>";
		};
		87BD664F1E6E933F00811ACF /* Math */ = {
			isa = PBXGroup;
			children = (
				87BD666C1E6E934C00811ACF /* matrix.metal */,
				87BD666D1E6E934C00811ACF /* matrix.swift */,
				87BD666E1E6E934C00811ACF /* vector.metal */,
				87BD666F1E6E934C00811ACF /* vector.swift */,
				87BD666B1E6E934C00811ACF /* Math.swift */,
				87BD66501E6E933F00811ACF /* main.h */,
				87BD66511E6E933F00811ACF /* Info.plist */,
			);
			path = Math;
			sourceTree = "<group>";
		};
		87BD665C1E6E934000811ACF /* MathTests */ = {
			isa = PBXGroup;
			children = (
				87BD665D1E6E934000811ACF /* MathTests.swift */,
				87BD665F1E6E934000811ACF /* Info.plist */,
			);
			path = MathTests;
			sourceTree = "<group>";
		};
/* End PBXGroup section */

/* Begin PBXHeadersBuildPhase section */
		870C4BB81E3CB10500AF6DE7 /* Headers */ = {
			isa = PBXHeadersBuildPhase;
			buildActionMask = 2147483647;
			files = (
				870C4BCD1E3CB10500AF6DE7 /* Computer.h in Headers */,
			);
			runOnlyForDeploymentPostprocessing = 0;
		};
		870C4C761E3D63A500AF6DE7 /* Headers */ = {
			isa = PBXHeadersBuildPhase;
			buildActionMask = 2147483647;
			files = (
				870C4C8B1E3D63A500AF6DE7 /* Distributor.h in Headers */,
			);
			runOnlyForDeploymentPostprocessing = 0;
		};
		8740ED561E41C63F00D6B6B1 /* Headers */ = {
			isa = PBXHeadersBuildPhase;
			buildActionMask = 2147483647;
			files = (
				8740ED6B1E41C63F00D6B6B1 /* Optimizer.h in Headers */,
			);
			runOnlyForDeploymentPostprocessing = 0;
		};
		87BD664B1E6E933F00811ACF /* Headers */ = {
			isa = PBXHeadersBuildPhase;
			buildActionMask = 2147483647;
			files = (
				87BD66601E6E934000811ACF /* main.h in Headers */,
			);
			runOnlyForDeploymentPostprocessing = 0;
		};
/* End PBXHeadersBuildPhase section */

/* Begin PBXNativeTarget section */
		870C4B971E3CB0F700AF6DE7 /* Stage */ = {
			isa = PBXNativeTarget;
			buildConfigurationList = 870C4BB41E3CB0F800AF6DE7 /* Build configuration list for PBXNativeTarget "Stage" */;
			buildPhases = (
				870C4B941E3CB0F700AF6DE7 /* Sources */,
				870C4B951E3CB0F700AF6DE7 /* Frameworks */,
				870C4B961E3CB0F700AF6DE7 /* Resources */,
				870C4BD51E3CB10500AF6DE7 /* Embed Frameworks */,
			);
			buildRules = (
			);
			dependencies = (
				870C4BCF1E3CB10500AF6DE7 /* PBXTargetDependency */,
				8740ED6D1E41C63F00D6B6B1 /* PBXTargetDependency */,
				87BD66621E6E934000811ACF /* PBXTargetDependency */,
			);
			name = Stage;
			productName = Stage;
			productReference = 870C4B981E3CB0F700AF6DE7 /* Stage.app */;
			productType = "com.apple.product-type.application";
		};
		870C4BA81E3CB0F800AF6DE7 /* StageUITests */ = {
			isa = PBXNativeTarget;
			buildConfigurationList = 870C4BB51E3CB0F800AF6DE7 /* Build configuration list for PBXNativeTarget "StageUITests" */;
			buildPhases = (
				870C4BA51E3CB0F800AF6DE7 /* Sources */,
				870C4BA61E3CB0F800AF6DE7 /* Frameworks */,
				870C4BA71E3CB0F800AF6DE7 /* Resources */,
			);
			buildRules = (
			);
			dependencies = (
				870C4BAB1E3CB0F800AF6DE7 /* PBXTargetDependency */,
			);
			name = StageUITests;
			productName = StageUITests;
			productReference = 870C4BA91E3CB0F800AF6DE7 /* StageUITests.xctest */;
			productType = "com.apple.product-type.bundle.ui-testing";
		};
		870C4BBA1E3CB10500AF6DE7 /* Computer */ = {
			isa = PBXNativeTarget;
			buildConfigurationList = 870C4BD21E3CB10500AF6DE7 /* Build configuration list for PBXNativeTarget "Computer" */;
			buildPhases = (
				870C4BB61E3CB10500AF6DE7 /* Sources */,
				870C4BB71E3CB10500AF6DE7 /* Frameworks */,
				870C4BB81E3CB10500AF6DE7 /* Headers */,
				870C4BB91E3CB10500AF6DE7 /* Resources */,
			);
			buildRules = (
			);
			dependencies = (
			);
			name = Computer;
			productName = Computer;
			productReference = 870C4BBB1E3CB10500AF6DE7 /* Computer.framework */;
			productType = "com.apple.product-type.framework";
		};
		870C4BC21E3CB10500AF6DE7 /* ComputerTests */ = {
			isa = PBXNativeTarget;
			buildConfigurationList = 870C4BD61E3CB10500AF6DE7 /* Build configuration list for PBXNativeTarget "ComputerTests" */;
			buildPhases = (
				870C4BBF1E3CB10500AF6DE7 /* Sources */,
				870C4BC01E3CB10500AF6DE7 /* Frameworks */,
				870C4BC11E3CB10500AF6DE7 /* Resources */,
			);
			buildRules = (
			);
			dependencies = (
				870C4BC61E3CB10500AF6DE7 /* PBXTargetDependency */,
				870C4BC81E3CB10500AF6DE7 /* PBXTargetDependency */,
			);
			name = ComputerTests;
			productName = ComputerTests;
			productReference = 870C4BC31E3CB10500AF6DE7 /* ComputerTests.xctest */;
			productType = "com.apple.product-type.bundle.unit-test";
		};
		870C4C781E3D63A500AF6DE7 /* Distributor */ = {
			isa = PBXNativeTarget;
			buildConfigurationList = 870C4C901E3D63A500AF6DE7 /* Build configuration list for PBXNativeTarget "Distributor" */;
			buildPhases = (
				870C4C741E3D63A500AF6DE7 /* Sources */,
				870C4C751E3D63A500AF6DE7 /* Frameworks */,
				870C4C761E3D63A500AF6DE7 /* Headers */,
				870C4C771E3D63A500AF6DE7 /* Resources */,
			);
			buildRules = (
			);
			dependencies = (
			);
			name = Distributor;
			productName = Distributor;
			productReference = 870C4C791E3D63A500AF6DE7 /* Distributor.framework */;
			productType = "com.apple.product-type.framework";
		};
		870C4C801E3D63A500AF6DE7 /* DistributorTests */ = {
			isa = PBXNativeTarget;
			buildConfigurationList = 870C4C931E3D63A500AF6DE7 /* Build configuration list for PBXNativeTarget "DistributorTests" */;
			buildPhases = (
				870C4C7D1E3D63A500AF6DE7 /* Sources */,
				870C4C7E1E3D63A500AF6DE7 /* Frameworks */,
				870C4C7F1E3D63A500AF6DE7 /* Resources */,
			);
			buildRules = (
			);
			dependencies = (
				870C4C841E3D63A500AF6DE7 /* PBXTargetDependency */,
				870C4C861E3D63A500AF6DE7 /* PBXTargetDependency */,
			);
			name = DistributorTests;
			productName = DistributorTests;
			productReference = 870C4C811E3D63A500AF6DE7 /* DistributorTests.xctest */;
			productType = "com.apple.product-type.bundle.unit-test";
		};
		8740ED581E41C63F00D6B6B1 /* Optimizer */ = {
			isa = PBXNativeTarget;
			buildConfigurationList = 8740ED741E41C63F00D6B6B1 /* Build configuration list for PBXNativeTarget "Optimizer" */;
			buildPhases = (
				8740ED541E41C63F00D6B6B1 /* Sources */,
				8740ED551E41C63F00D6B6B1 /* Frameworks */,
				8740ED561E41C63F00D6B6B1 /* Headers */,
				8740ED571E41C63F00D6B6B1 /* Resources */,
			);
			buildRules = (
			);
			dependencies = (
			);
			name = Optimizer;
			productName = Optimizer;
			productReference = 8740ED591E41C63F00D6B6B1 /* Optimizer.framework */;
			productType = "com.apple.product-type.framework";
		};
		8740ED601E41C63F00D6B6B1 /* OptimizerTests */ = {
			isa = PBXNativeTarget;
			buildConfigurationList = 8740ED751E41C63F00D6B6B1 /* Build configuration list for PBXNativeTarget "OptimizerTests" */;
			buildPhases = (
				8740ED5D1E41C63F00D6B6B1 /* Sources */,
				8740ED5E1E41C63F00D6B6B1 /* Frameworks */,
				8740ED5F1E41C63F00D6B6B1 /* Resources */,
			);
			buildRules = (
			);
			dependencies = (
				8740ED641E41C63F00D6B6B1 /* PBXTargetDependency */,
				8740ED661E41C63F00D6B6B1 /* PBXTargetDependency */,
			);
			name = OptimizerTests;
			productName = OptimizerTests;
			productReference = 8740ED611E41C63F00D6B6B1 /* OptimizerTests.xctest */;
			productType = "com.apple.product-type.bundle.unit-test";
		};
		87BD664D1E6E933F00811ACF /* Math */ = {
			isa = PBXNativeTarget;
			buildConfigurationList = 87BD66651E6E934000811ACF /* Build configuration list for PBXNativeTarget "Math" */;
			buildPhases = (
				87BD66491E6E933F00811ACF /* Sources */,
				87BD664A1E6E933F00811ACF /* Frameworks */,
				87BD664B1E6E933F00811ACF /* Headers */,
				87BD664C1E6E933F00811ACF /* Resources */,
			);
			buildRules = (
			);
			dependencies = (
			);
			name = Math;
			productName = Math;
			productReference = 87BD664E1E6E933F00811ACF /* Math.framework */;
			productType = "com.apple.product-type.framework";
		};
		87BD66551E6E933F00811ACF /* MathTests */ = {
			isa = PBXNativeTarget;
			buildConfigurationList = 87BD66681E6E934000811ACF /* Build configuration list for PBXNativeTarget "MathTests" */;
			buildPhases = (
				87BD66521E6E933F00811ACF /* Sources */,
				87BD66531E6E933F00811ACF /* Frameworks */,
				87BD66541E6E933F00811ACF /* Resources */,
			);
			buildRules = (
			);
			dependencies = (
				87BD66591E6E934000811ACF /* PBXTargetDependency */,
				87BD665B1E6E934000811ACF /* PBXTargetDependency */,
			);
			name = MathTests;
			productName = MathTests;
			productReference = 87BD66561E6E933F00811ACF /* MathTests.xctest */;
			productType = "com.apple.product-type.bundle.unit-test";
		};
/* End PBXNativeTarget section */

/* Begin PBXProject section */
		875931481E3B40C5006B60FF /* Project object */ = {
			isa = PBXProject;
			attributes = {
				LastSwiftUpdateCheck = 0820;
				LastUpgradeCheck = 0820;
				TargetAttributes = {
					870C4B971E3CB0F700AF6DE7 = {
						CreatedOnToolsVersion = 8.2.1;
						DevelopmentTeam = 49QMLWEE5Z;
						ProvisioningStyle = Automatic;
					};
					870C4BA81E3CB0F800AF6DE7 = {
						CreatedOnToolsVersion = 8.2.1;
						ProvisioningStyle = Automatic;
						TestTargetID = 870C4B971E3CB0F700AF6DE7;
					};
					870C4BBA1E3CB10500AF6DE7 = {
						CreatedOnToolsVersion = 8.2.1;
						DevelopmentTeam = 49QMLWEE5Z;
						LastSwiftMigration = 0820;
						ProvisioningStyle = Automatic;
					};
					870C4BC21E3CB10500AF6DE7 = {
						CreatedOnToolsVersion = 8.2.1;
						DevelopmentTeam = 49QMLWEE5Z;
						ProvisioningStyle = Automatic;
						TestTargetID = 870C4B971E3CB0F700AF6DE7;
					};
					870C4C781E3D63A500AF6DE7 = {
						CreatedOnToolsVersion = 8.2.1;
						DevelopmentTeam = 49QMLWEE5Z;
						LastSwiftMigration = 0820;
						ProvisioningStyle = Automatic;
					};
					870C4C801E3D63A500AF6DE7 = {
						CreatedOnToolsVersion = 8.2.1;
						DevelopmentTeam = 49QMLWEE5Z;
						ProvisioningStyle = Automatic;
						TestTargetID = 870C4B971E3CB0F700AF6DE7;
					};
					8740ED581E41C63F00D6B6B1 = {
						CreatedOnToolsVersion = 8.2.1;
						DevelopmentTeam = 49QMLWEE5Z;
						LastSwiftMigration = 0820;
						ProvisioningStyle = Automatic;
					};
					8740ED601E41C63F00D6B6B1 = {
						CreatedOnToolsVersion = 8.2.1;
						DevelopmentTeam = 49QMLWEE5Z;
						ProvisioningStyle = Automatic;
						TestTargetID = 870C4B971E3CB0F700AF6DE7;
					};
					87BD664D1E6E933F00811ACF = {
						CreatedOnToolsVersion = 8.2.1;
						DevelopmentTeam = 49QMLWEE5Z;
						LastSwiftMigration = 0820;
						ProvisioningStyle = Automatic;
					};
					87BD66551E6E933F00811ACF = {
						CreatedOnToolsVersion = 8.2.1;
						DevelopmentTeam = 49QMLWEE5Z;
						ProvisioningStyle = Automatic;
						TestTargetID = 870C4B971E3CB0F700AF6DE7;
					};
				};
			};
			buildConfigurationList = 8759314B1E3B40C5006B60FF /* Build configuration list for PBXProject "tvOS" */;
			compatibilityVersion = "Xcode 3.2";
			developmentRegion = English;
			hasScannedForEncodings = 0;
			knownRegions = (
				en,
				Base,
			);
			mainGroup = 875931471E3B40C4006B60FF;
			productRefGroup = 870C4B991E3CB0F700AF6DE7 /* Products */;
			projectDirPath = "";
			projectRoot = "";
			targets = (
				870C4B971E3CB0F700AF6DE7 /* Stage */,
				870C4BA81E3CB0F800AF6DE7 /* StageUITests */,
				870C4BBA1E3CB10500AF6DE7 /* Computer */,
				870C4BC21E3CB10500AF6DE7 /* ComputerTests */,
				870C4C781E3D63A500AF6DE7 /* Distributor */,
				870C4C801E3D63A500AF6DE7 /* DistributorTests */,
				8740ED581E41C63F00D6B6B1 /* Optimizer */,
				8740ED601E41C63F00D6B6B1 /* OptimizerTests */,
				87BD664D1E6E933F00811ACF /* Math */,
				87BD66551E6E933F00811ACF /* MathTests */,
			);
		};
/* End PBXProject section */

/* Begin PBXResourcesBuildPhase section */
		870C4B961E3CB0F700AF6DE7 /* Resources */ = {
			isa = PBXResourcesBuildPhase;
			buildActionMask = 2147483647;
			files = (
				870C4BA31E3CB0F800AF6DE7 /* Assets.xcassets in Resources */,
				870C4BA11E3CB0F700AF6DE7 /* Main.storyboard in Resources */,
			);
			runOnlyForDeploymentPostprocessing = 0;
		};
		870C4BA71E3CB0F800AF6DE7 /* Resources */ = {
			isa = PBXResourcesBuildPhase;
			buildActionMask = 2147483647;
			files = (
			);
			runOnlyForDeploymentPostprocessing = 0;
		};
		870C4BB91E3CB10500AF6DE7 /* Resources */ = {
			isa = PBXResourcesBuildPhase;
			buildActionMask = 2147483647;
			files = (
			);
			runOnlyForDeploymentPostprocessing = 0;
		};
		870C4BC11E3CB10500AF6DE7 /* Resources */ = {
			isa = PBXResourcesBuildPhase;
			buildActionMask = 2147483647;
			files = (
			);
			runOnlyForDeploymentPostprocessing = 0;
		};
		870C4C771E3D63A500AF6DE7 /* Resources */ = {
			isa = PBXResourcesBuildPhase;
			buildActionMask = 2147483647;
			files = (
			);
			runOnlyForDeploymentPostprocessing = 0;
		};
		870C4C7F1E3D63A500AF6DE7 /* Resources */ = {
			isa = PBXResourcesBuildPhase;
			buildActionMask = 2147483647;
			files = (
			);
			runOnlyForDeploymentPostprocessing = 0;
		};
		8740ED571E41C63F00D6B6B1 /* Resources */ = {
			isa = PBXResourcesBuildPhase;
			buildActionMask = 2147483647;
			files = (
			);
			runOnlyForDeploymentPostprocessing = 0;
		};
		8740ED5F1E41C63F00D6B6B1 /* Resources */ = {
			isa = PBXResourcesBuildPhase;
			buildActionMask = 2147483647;
			files = (
			);
			runOnlyForDeploymentPostprocessing = 0;
		};
		87BD664C1E6E933F00811ACF /* Resources */ = {
			isa = PBXResourcesBuildPhase;
			buildActionMask = 2147483647;
			files = (
			);
			runOnlyForDeploymentPostprocessing = 0;
		};
		87BD66541E6E933F00811ACF /* Resources */ = {
			isa = PBXResourcesBuildPhase;
			buildActionMask = 2147483647;
			files = (
			);
			runOnlyForDeploymentPostprocessing = 0;
		};
/* End PBXResourcesBuildPhase section */

/* Begin PBXSourcesBuildPhase section */
		870C4B941E3CB0F700AF6DE7 /* Sources */ = {
			isa = PBXSourcesBuildPhase;
			buildActionMask = 2147483647;
			files = (
				870C4B9E1E3CB0F700AF6DE7 /* ViewController.swift in Sources */,
				870C4B9C1E3CB0F700AF6DE7 /* AppDelegate.swift in Sources */,
			);
			runOnlyForDeploymentPostprocessing = 0;
		};
		870C4BA51E3CB0F800AF6DE7 /* Sources */ = {
			isa = PBXSourcesBuildPhase;
			buildActionMask = 2147483647;
			files = (
				870C4BAE1E3CB0F800AF6DE7 /* StageUITests.swift in Sources */,
			);
			runOnlyForDeploymentPostprocessing = 0;
		};
		870C4BB61E3CB10500AF6DE7 /* Sources */ = {
			isa = PBXSourcesBuildPhase;
			buildActionMask = 2147483647;
			files = (
				870C4BE01E3CB11100AF6DE7 /* NonLinear.swift in Sources */,
				870C4BDF1E3CB11100AF6DE7 /* NonLinear.metal in Sources */,
				870C4BDE1E3CB11100AF6DE7 /* Linear.metal in Sources */,
				870C4BDD1E3CB11100AF6DE7 /* Computer.swift in Sources */,
				870C4C391E3CBB8000AF6DE7 /* Linear.swift in Sources */,
			);
			runOnlyForDeploymentPostprocessing = 0;
		};
		870C4BBF1E3CB10500AF6DE7 /* Sources */ = {
			isa = PBXSourcesBuildPhase;
			buildActionMask = 2147483647;
			files = (
				870C4BCB1E3CB10500AF6DE7 /* ComputerTests.swift in Sources */,
			);
			runOnlyForDeploymentPostprocessing = 0;
		};
		870C4C741E3D63A500AF6DE7 /* Sources */ = {
			isa = PBXSourcesBuildPhase;
			buildActionMask = 2147483647;
			files = (
				870C4C9C1E3D63B200AF6DE7 /* Cauchy.swift in Sources */,
				870C4C9B1E3D63B200AF6DE7 /* Cauchy.metal in Sources */,
				870C4C9D1E3D63B200AF6DE7 /* Distributior.swift in Sources */,
				870C4C9E1E3D63B200AF6DE7 /* Gauss.metal in Sources */,
				870C4C9F1E3D63B200AF6DE7 /* Gauss.swift in Sources */,
			);
			runOnlyForDeploymentPostprocessing = 0;
		};
		870C4C7D1E3D63A500AF6DE7 /* Sources */ = {
			isa = PBXSourcesBuildPhase;
			buildActionMask = 2147483647;
			files = (
				870C4C891E3D63A500AF6DE7 /* DistributorTests.swift in Sources */,
			);
			runOnlyForDeploymentPostprocessing = 0;
		};
		8740ED541E41C63F00D6B6B1 /* Sources */ = {
			isa = PBXSourcesBuildPhase;
			buildActionMask = 2147483647;
			files = (
				8740ED891E41C67A00D6B6B1 /* StochasticGradientDescent.swift in Sources */,
				8740ED811E41C67A00D6B6B1 /* AdaDelta.metal in Sources */,
				8740ED881E41C67A00D6B6B1 /* StochasticGradientDescent.metal in Sources */,
				8740ED851E41C67A00D6B6B1 /* MomentumAdaDelta.metal in Sources */,
				87F00B0F1E41FD400063F198 /* Adam.metal in Sources */,
				87F00B0D1E41FD330063F198 /* Adam.swift in Sources */,
				8740ED871E41C67A00D6B6B1 /* Optimizer.swift in Sources */,
				8740ED821E41C67A00D6B6B1 /* AdaDelta.swift in Sources */,
				8740ED831E41C67A00D6B6B1 /* Momentum.metal in Sources */,
				8740ED841E41C67A00D6B6B1 /* Momentum.swift in Sources */,
				8740ED861E41C67A00D6B6B1 /* MomentumAdaDelta.swift in Sources */,
			);
			runOnlyForDeploymentPostprocessing = 0;
		};
		8740ED5D1E41C63F00D6B6B1 /* Sources */ = {
			isa = PBXSourcesBuildPhase;
			buildActionMask = 2147483647;
			files = (
				8740ED691E41C63F00D6B6B1 /* OptimizerTests.swift in Sources */,
				8740ED771E41C66C00D6B6B1 /* OptimizerTests.metal in Sources */,
			);
			runOnlyForDeploymentPostprocessing = 0;
		};
		87BD66491E6E933F00811ACF /* Sources */ = {
			isa = PBXSourcesBuildPhase;
			buildActionMask = 2147483647;
			files = (
				87BD66731E6E934C00811ACF /* vector.metal in Sources */,
				87BD66721E6E934C00811ACF /* matrix.swift in Sources */,
				87BD66711E6E934C00811ACF /* matrix.metal in Sources */,
				87BD66741E6E934C00811ACF /* vector.swift in Sources */,
				87BD66701E6E934C00811ACF /* Math.swift in Sources */,
			);
			runOnlyForDeploymentPostprocessing = 0;
		};
		87BD66521E6E933F00811ACF /* Sources */ = {
			isa = PBXSourcesBuildPhase;
			buildActionMask = 2147483647;
			files = (
				87BD665E1E6E934000811ACF /* MathTests.swift in Sources */,
			);
			runOnlyForDeploymentPostprocessing = 0;
		};
/* End PBXSourcesBuildPhase section */

/* Begin PBXTargetDependency section */
		870C4BAB1E3CB0F800AF6DE7 /* PBXTargetDependency */ = {
			isa = PBXTargetDependency;
			target = 870C4B971E3CB0F700AF6DE7 /* Stage */;
			targetProxy = 870C4BAA1E3CB0F800AF6DE7 /* PBXContainerItemProxy */;
		};
		870C4BC61E3CB10500AF6DE7 /* PBXTargetDependency */ = {
			isa = PBXTargetDependency;
			target = 870C4BBA1E3CB10500AF6DE7 /* Computer */;
			targetProxy = 870C4BC51E3CB10500AF6DE7 /* PBXContainerItemProxy */;
		};
		870C4BC81E3CB10500AF6DE7 /* PBXTargetDependency */ = {
			isa = PBXTargetDependency;
			target = 870C4B971E3CB0F700AF6DE7 /* Stage */;
			targetProxy = 870C4BC71E3CB10500AF6DE7 /* PBXContainerItemProxy */;
		};
		870C4BCF1E3CB10500AF6DE7 /* PBXTargetDependency */ = {
			isa = PBXTargetDependency;
			target = 870C4BBA1E3CB10500AF6DE7 /* Computer */;
			targetProxy = 870C4BCE1E3CB10500AF6DE7 /* PBXContainerItemProxy */;
		};
		870C4C841E3D63A500AF6DE7 /* PBXTargetDependency */ = {
			isa = PBXTargetDependency;
			target = 870C4C781E3D63A500AF6DE7 /* Distributor */;
			targetProxy = 870C4C831E3D63A500AF6DE7 /* PBXContainerItemProxy */;
		};
		870C4C861E3D63A500AF6DE7 /* PBXTargetDependency */ = {
			isa = PBXTargetDependency;
			target = 870C4B971E3CB0F700AF6DE7 /* Stage */;
			targetProxy = 870C4C851E3D63A500AF6DE7 /* PBXContainerItemProxy */;
		};
		8740ED641E41C63F00D6B6B1 /* PBXTargetDependency */ = {
			isa = PBXTargetDependency;
			target = 8740ED581E41C63F00D6B6B1 /* Optimizer */;
			targetProxy = 8740ED631E41C63F00D6B6B1 /* PBXContainerItemProxy */;
		};
		8740ED661E41C63F00D6B6B1 /* PBXTargetDependency */ = {
			isa = PBXTargetDependency;
			target = 870C4B971E3CB0F700AF6DE7 /* Stage */;
			targetProxy = 8740ED651E41C63F00D6B6B1 /* PBXContainerItemProxy */;
		};
		8740ED6D1E41C63F00D6B6B1 /* PBXTargetDependency */ = {
			isa = PBXTargetDependency;
			target = 8740ED581E41C63F00D6B6B1 /* Optimizer */;
			targetProxy = 8740ED6C1E41C63F00D6B6B1 /* PBXContainerItemProxy */;
		};
		87BD66591E6E934000811ACF /* PBXTargetDependency */ = {
			isa = PBXTargetDependency;
			target = 87BD664D1E6E933F00811ACF /* Math */;
			targetProxy = 87BD66581E6E934000811ACF /* PBXContainerItemProxy */;
		};
		87BD665B1E6E934000811ACF /* PBXTargetDependency */ = {
			isa = PBXTargetDependency;
			target = 870C4B971E3CB0F700AF6DE7 /* Stage */;
			targetProxy = 87BD665A1E6E934000811ACF /* PBXContainerItemProxy */;
		};
		87BD66621E6E934000811ACF /* PBXTargetDependency */ = {
			isa = PBXTargetDependency;
			target = 87BD664D1E6E933F00811ACF /* Math */;
			targetProxy = 87BD66611E6E934000811ACF /* PBXContainerItemProxy */;
		};
/* End PBXTargetDependency section */

/* Begin PBXVariantGroup section */
		870C4B9F1E3CB0F700AF6DE7 /* Main.storyboard */ = {
			isa = PBXVariantGroup;
			children = (
				870C4BA01E3CB0F700AF6DE7 /* Base */,
			);
			name = Main.storyboard;
			sourceTree = "<group>";
		};
/* End PBXVariantGroup section */

/* Begin XCBuildConfiguration section */
		870C4BB01E3CB0F800AF6DE7 /* Debug */ = {
			isa = XCBuildConfiguration;
			buildSettings = {
				ALWAYS_EMBED_SWIFT_STANDARD_LIBRARIES = YES;
				ALWAYS_SEARCH_USER_PATHS = NO;
				ASSETCATALOG_COMPILER_APPICON_NAME = "App Icon & Top Shelf Image";
				ASSETCATALOG_COMPILER_LAUNCHIMAGE_NAME = LaunchImage;
				CLANG_ANALYZER_NONNULL = YES;
				CLANG_CXX_LANGUAGE_STANDARD = "gnu++0x";
				CLANG_CXX_LIBRARY = "libc++";
				CLANG_ENABLE_MODULES = YES;
				CLANG_ENABLE_OBJC_ARC = YES;
				CLANG_WARN_BOOL_CONVERSION = YES;
				CLANG_WARN_CONSTANT_CONVERSION = YES;
				CLANG_WARN_DIRECT_OBJC_ISA_USAGE = YES_ERROR;
				CLANG_WARN_DOCUMENTATION_COMMENTS = YES;
				CLANG_WARN_EMPTY_BODY = YES;
				CLANG_WARN_ENUM_CONVERSION = YES;
				CLANG_WARN_INFINITE_RECURSION = YES;
				CLANG_WARN_INT_CONVERSION = YES;
				CLANG_WARN_OBJC_ROOT_CLASS = YES_ERROR;
				CLANG_WARN_SUSPICIOUS_MOVE = YES;
				CLANG_WARN_UNREACHABLE_CODE = YES;
				CLANG_WARN__DUPLICATE_METHOD_MATCH = YES;
				COPY_PHASE_STRIP = NO;
				DEBUG_INFORMATION_FORMAT = dwarf;
				DEVELOPMENT_TEAM = 49QMLWEE5Z;
				ENABLE_STRICT_OBJC_MSGSEND = YES;
				ENABLE_TESTABILITY = YES;
				GCC_C_LANGUAGE_STANDARD = gnu99;
				GCC_DYNAMIC_NO_PIC = NO;
				GCC_NO_COMMON_BLOCKS = YES;
				GCC_OPTIMIZATION_LEVEL = 0;
				GCC_PREPROCESSOR_DEFINITIONS = (
					"DEBUG=1",
					"$(inherited)",
				);
				GCC_WARN_64_TO_32_BIT_CONVERSION = YES;
				GCC_WARN_ABOUT_RETURN_TYPE = YES_ERROR;
				GCC_WARN_UNDECLARED_SELECTOR = YES;
				GCC_WARN_UNINITIALIZED_AUTOS = YES_AGGRESSIVE;
				GCC_WARN_UNUSED_FUNCTION = YES;
				GCC_WARN_UNUSED_VARIABLE = YES;
				INFOPLIST_FILE = Stage/Info.plist;
				LD_RUNPATH_SEARCH_PATHS = "$(inherited) @executable_path/Frameworks";
				MTL_ENABLE_DEBUG_INFO = YES;
				ONLY_ACTIVE_ARCH = YES;
				PRODUCT_BUNDLE_IDENTIFIER = com.organi2e.kn.kotan.Stage;
				PRODUCT_NAME = "$(TARGET_NAME)";
				SDKROOT = appletvos;
				SWIFT_ACTIVE_COMPILATION_CONDITIONS = DEBUG;
				SWIFT_OPTIMIZATION_LEVEL = "-Onone";
				SWIFT_VERSION = 3.0;
				TARGETED_DEVICE_FAMILY = 3;
				TVOS_DEPLOYMENT_TARGET = 10.1;
			};
			name = Debug;
		};
		870C4BB11E3CB0F800AF6DE7 /* Release */ = {
			isa = XCBuildConfiguration;
			buildSettings = {
				ALWAYS_EMBED_SWIFT_STANDARD_LIBRARIES = YES;
				ALWAYS_SEARCH_USER_PATHS = NO;
				ASSETCATALOG_COMPILER_APPICON_NAME = "App Icon & Top Shelf Image";
				ASSETCATALOG_COMPILER_LAUNCHIMAGE_NAME = LaunchImage;
				CLANG_ANALYZER_NONNULL = YES;
				CLANG_CXX_LANGUAGE_STANDARD = "gnu++0x";
				CLANG_CXX_LIBRARY = "libc++";
				CLANG_ENABLE_MODULES = YES;
				CLANG_ENABLE_OBJC_ARC = YES;
				CLANG_WARN_BOOL_CONVERSION = YES;
				CLANG_WARN_CONSTANT_CONVERSION = YES;
				CLANG_WARN_DIRECT_OBJC_ISA_USAGE = YES_ERROR;
				CLANG_WARN_DOCUMENTATION_COMMENTS = YES;
				CLANG_WARN_EMPTY_BODY = YES;
				CLANG_WARN_ENUM_CONVERSION = YES;
				CLANG_WARN_INFINITE_RECURSION = YES;
				CLANG_WARN_INT_CONVERSION = YES;
				CLANG_WARN_OBJC_ROOT_CLASS = YES_ERROR;
				CLANG_WARN_SUSPICIOUS_MOVE = YES;
				CLANG_WARN_UNREACHABLE_CODE = YES;
				CLANG_WARN__DUPLICATE_METHOD_MATCH = YES;
				COPY_PHASE_STRIP = NO;
				DEBUG_INFORMATION_FORMAT = "dwarf-with-dsym";
				DEVELOPMENT_TEAM = 49QMLWEE5Z;
				ENABLE_NS_ASSERTIONS = NO;
				ENABLE_STRICT_OBJC_MSGSEND = YES;
				GCC_C_LANGUAGE_STANDARD = gnu99;
				GCC_NO_COMMON_BLOCKS = YES;
				GCC_WARN_64_TO_32_BIT_CONVERSION = YES;
				GCC_WARN_ABOUT_RETURN_TYPE = YES_ERROR;
				GCC_WARN_UNDECLARED_SELECTOR = YES;
				GCC_WARN_UNINITIALIZED_AUTOS = YES_AGGRESSIVE;
				GCC_WARN_UNUSED_FUNCTION = YES;
				GCC_WARN_UNUSED_VARIABLE = YES;
				INFOPLIST_FILE = Stage/Info.plist;
				LD_RUNPATH_SEARCH_PATHS = "$(inherited) @executable_path/Frameworks";
				MTL_ENABLE_DEBUG_INFO = NO;
				PRODUCT_BUNDLE_IDENTIFIER = com.organi2e.kn.kotan.Stage;
				PRODUCT_NAME = "$(TARGET_NAME)";
				SDKROOT = appletvos;
				SWIFT_OPTIMIZATION_LEVEL = "-Owholemodule";
				SWIFT_VERSION = 3.0;
				TARGETED_DEVICE_FAMILY = 3;
				TVOS_DEPLOYMENT_TARGET = 10.1;
				VALIDATE_PRODUCT = YES;
			};
			name = Release;
		};
		870C4BB21E3CB0F800AF6DE7 /* Debug */ = {
			isa = XCBuildConfiguration;
			buildSettings = {
				ALWAYS_EMBED_SWIFT_STANDARD_LIBRARIES = YES;
				ALWAYS_SEARCH_USER_PATHS = NO;
				CLANG_ANALYZER_NONNULL = YES;
				CLANG_CXX_LANGUAGE_STANDARD = "gnu++0x";
				CLANG_CXX_LIBRARY = "libc++";
				CLANG_ENABLE_MODULES = YES;
				CLANG_ENABLE_OBJC_ARC = YES;
				CLANG_WARN_BOOL_CONVERSION = YES;
				CLANG_WARN_CONSTANT_CONVERSION = YES;
				CLANG_WARN_DIRECT_OBJC_ISA_USAGE = YES_ERROR;
				CLANG_WARN_DOCUMENTATION_COMMENTS = YES;
				CLANG_WARN_EMPTY_BODY = YES;
				CLANG_WARN_ENUM_CONVERSION = YES;
				CLANG_WARN_INFINITE_RECURSION = YES;
				CLANG_WARN_INT_CONVERSION = YES;
				CLANG_WARN_OBJC_ROOT_CLASS = YES_ERROR;
				CLANG_WARN_SUSPICIOUS_MOVE = YES;
				CLANG_WARN_UNREACHABLE_CODE = YES;
				CLANG_WARN__DUPLICATE_METHOD_MATCH = YES;
				COPY_PHASE_STRIP = NO;
				DEBUG_INFORMATION_FORMAT = dwarf;
				ENABLE_STRICT_OBJC_MSGSEND = YES;
				ENABLE_TESTABILITY = YES;
				GCC_C_LANGUAGE_STANDARD = gnu99;
				GCC_DYNAMIC_NO_PIC = NO;
				GCC_NO_COMMON_BLOCKS = YES;
				GCC_OPTIMIZATION_LEVEL = 0;
				GCC_PREPROCESSOR_DEFINITIONS = (
					"DEBUG=1",
					"$(inherited)",
				);
				GCC_WARN_64_TO_32_BIT_CONVERSION = YES;
				GCC_WARN_ABOUT_RETURN_TYPE = YES_ERROR;
				GCC_WARN_UNDECLARED_SELECTOR = YES;
				GCC_WARN_UNINITIALIZED_AUTOS = YES_AGGRESSIVE;
				GCC_WARN_UNUSED_FUNCTION = YES;
				GCC_WARN_UNUSED_VARIABLE = YES;
				INFOPLIST_FILE = StageUITests/Info.plist;
				LD_RUNPATH_SEARCH_PATHS = "$(inherited) @executable_path/Frameworks @loader_path/Frameworks";
				MTL_ENABLE_DEBUG_INFO = YES;
				ONLY_ACTIVE_ARCH = YES;
				PRODUCT_BUNDLE_IDENTIFIER = com.organi2e.kn.kotan.StageUITests;
				PRODUCT_NAME = "$(TARGET_NAME)";
				SDKROOT = appletvos;
				SWIFT_ACTIVE_COMPILATION_CONDITIONS = DEBUG;
				SWIFT_OPTIMIZATION_LEVEL = "-Onone";
				SWIFT_VERSION = 3.0;
				TEST_TARGET_NAME = Stage;
				TVOS_DEPLOYMENT_TARGET = 10.1;
			};
			name = Debug;
		};
		870C4BB31E3CB0F800AF6DE7 /* Release */ = {
			isa = XCBuildConfiguration;
			buildSettings = {
				ALWAYS_EMBED_SWIFT_STANDARD_LIBRARIES = YES;
				ALWAYS_SEARCH_USER_PATHS = NO;
				CLANG_ANALYZER_NONNULL = YES;
				CLANG_CXX_LANGUAGE_STANDARD = "gnu++0x";
				CLANG_CXX_LIBRARY = "libc++";
				CLANG_ENABLE_MODULES = YES;
				CLANG_ENABLE_OBJC_ARC = YES;
				CLANG_WARN_BOOL_CONVERSION = YES;
				CLANG_WARN_CONSTANT_CONVERSION = YES;
				CLANG_WARN_DIRECT_OBJC_ISA_USAGE = YES_ERROR;
				CLANG_WARN_DOCUMENTATION_COMMENTS = YES;
				CLANG_WARN_EMPTY_BODY = YES;
				CLANG_WARN_ENUM_CONVERSION = YES;
				CLANG_WARN_INFINITE_RECURSION = YES;
				CLANG_WARN_INT_CONVERSION = YES;
				CLANG_WARN_OBJC_ROOT_CLASS = YES_ERROR;
				CLANG_WARN_SUSPICIOUS_MOVE = YES;
				CLANG_WARN_UNREACHABLE_CODE = YES;
				CLANG_WARN__DUPLICATE_METHOD_MATCH = YES;
				COPY_PHASE_STRIP = NO;
				DEBUG_INFORMATION_FORMAT = "dwarf-with-dsym";
				ENABLE_NS_ASSERTIONS = NO;
				ENABLE_STRICT_OBJC_MSGSEND = YES;
				GCC_C_LANGUAGE_STANDARD = gnu99;
				GCC_NO_COMMON_BLOCKS = YES;
				GCC_WARN_64_TO_32_BIT_CONVERSION = YES;
				GCC_WARN_ABOUT_RETURN_TYPE = YES_ERROR;
				GCC_WARN_UNDECLARED_SELECTOR = YES;
				GCC_WARN_UNINITIALIZED_AUTOS = YES_AGGRESSIVE;
				GCC_WARN_UNUSED_FUNCTION = YES;
				GCC_WARN_UNUSED_VARIABLE = YES;
				INFOPLIST_FILE = StageUITests/Info.plist;
				LD_RUNPATH_SEARCH_PATHS = "$(inherited) @executable_path/Frameworks @loader_path/Frameworks";
				MTL_ENABLE_DEBUG_INFO = NO;
				PRODUCT_BUNDLE_IDENTIFIER = com.organi2e.kn.kotan.StageUITests;
				PRODUCT_NAME = "$(TARGET_NAME)";
				SDKROOT = appletvos;
				SWIFT_OPTIMIZATION_LEVEL = "-Owholemodule";
				SWIFT_VERSION = 3.0;
				TEST_TARGET_NAME = Stage;
				TVOS_DEPLOYMENT_TARGET = 10.1;
				VALIDATE_PRODUCT = YES;
			};
			name = Release;
		};
		870C4BD31E3CB10500AF6DE7 /* Debug */ = {
			isa = XCBuildConfiguration;
			buildSettings = {
				ALWAYS_SEARCH_USER_PATHS = NO;
				CLANG_ANALYZER_NONNULL = YES;
				CLANG_CXX_LANGUAGE_STANDARD = "gnu++0x";
				CLANG_CXX_LIBRARY = "libc++";
				CLANG_ENABLE_MODULES = YES;
				CLANG_ENABLE_OBJC_ARC = YES;
				CLANG_WARN_BOOL_CONVERSION = YES;
				CLANG_WARN_CONSTANT_CONVERSION = YES;
				CLANG_WARN_DIRECT_OBJC_ISA_USAGE = YES_ERROR;
				CLANG_WARN_DOCUMENTATION_COMMENTS = YES;
				CLANG_WARN_EMPTY_BODY = YES;
				CLANG_WARN_ENUM_CONVERSION = YES;
				CLANG_WARN_INFINITE_RECURSION = YES;
				CLANG_WARN_INT_CONVERSION = YES;
				CLANG_WARN_OBJC_ROOT_CLASS = YES_ERROR;
				CLANG_WARN_SUSPICIOUS_MOVE = YES;
				CLANG_WARN_UNREACHABLE_CODE = YES;
				CLANG_WARN__DUPLICATE_METHOD_MATCH = YES;
				CODE_SIGN_IDENTITY = "";
				"CODE_SIGN_IDENTITY[sdk=appletvos*]" = "iPhone Developer";
				COPY_PHASE_STRIP = NO;
				CURRENT_PROJECT_VERSION = 1;
				DEBUG_INFORMATION_FORMAT = dwarf;
				DEFINES_MODULE = YES;
				DEVELOPMENT_TEAM = 49QMLWEE5Z;
				DYLIB_COMPATIBILITY_VERSION = 1;
				DYLIB_CURRENT_VERSION = 1;
				DYLIB_INSTALL_NAME_BASE = "@rpath";
				ENABLE_STRICT_OBJC_MSGSEND = YES;
				ENABLE_TESTABILITY = YES;
				GCC_C_LANGUAGE_STANDARD = gnu99;
				GCC_DYNAMIC_NO_PIC = NO;
				GCC_NO_COMMON_BLOCKS = YES;
				GCC_OPTIMIZATION_LEVEL = 0;
				GCC_PREPROCESSOR_DEFINITIONS = (
					"DEBUG=1",
					"$(inherited)",
				);
				GCC_WARN_64_TO_32_BIT_CONVERSION = YES;
				GCC_WARN_ABOUT_RETURN_TYPE = YES_ERROR;
				GCC_WARN_UNDECLARED_SELECTOR = YES;
				GCC_WARN_UNINITIALIZED_AUTOS = YES_AGGRESSIVE;
				GCC_WARN_UNUSED_FUNCTION = YES;
				GCC_WARN_UNUSED_VARIABLE = YES;
				INFOPLIST_FILE = Computer/Info.plist;
				INSTALL_PATH = "$(LOCAL_LIBRARY_DIR)/Frameworks";
				LD_RUNPATH_SEARCH_PATHS = "$(inherited) @executable_path/Frameworks @loader_path/Frameworks";
				MTL_ENABLE_DEBUG_INFO = YES;
				ONLY_ACTIVE_ARCH = YES;
				PRODUCT_BUNDLE_IDENTIFIER = com.organi2e.kn.kotan.Computer;
				PRODUCT_NAME = "$(TARGET_NAME)";
				SDKROOT = appletvos;
				SKIP_INSTALL = YES;
				SWIFT_ACTIVE_COMPILATION_CONDITIONS = DEBUG;
				SWIFT_OPTIMIZATION_LEVEL = "-Onone";
				SWIFT_VERSION = 3.0;
				TARGETED_DEVICE_FAMILY = 3;
				TVOS_DEPLOYMENT_TARGET = 10.1;
				VERSIONING_SYSTEM = "apple-generic";
				VERSION_INFO_PREFIX = "";
			};
			name = Debug;
		};
		870C4BD41E3CB10500AF6DE7 /* Release */ = {
			isa = XCBuildConfiguration;
			buildSettings = {
				ALWAYS_SEARCH_USER_PATHS = NO;
				CLANG_ANALYZER_NONNULL = YES;
				CLANG_CXX_LANGUAGE_STANDARD = "gnu++0x";
				CLANG_CXX_LIBRARY = "libc++";
				CLANG_ENABLE_MODULES = YES;
				CLANG_ENABLE_OBJC_ARC = YES;
				CLANG_WARN_BOOL_CONVERSION = YES;
				CLANG_WARN_CONSTANT_CONVERSION = YES;
				CLANG_WARN_DIRECT_OBJC_ISA_USAGE = YES_ERROR;
				CLANG_WARN_DOCUMENTATION_COMMENTS = YES;
				CLANG_WARN_EMPTY_BODY = YES;
				CLANG_WARN_ENUM_CONVERSION = YES;
				CLANG_WARN_INFINITE_RECURSION = YES;
				CLANG_WARN_INT_CONVERSION = YES;
				CLANG_WARN_OBJC_ROOT_CLASS = YES_ERROR;
				CLANG_WARN_SUSPICIOUS_MOVE = YES;
				CLANG_WARN_UNREACHABLE_CODE = YES;
				CLANG_WARN__DUPLICATE_METHOD_MATCH = YES;
				CODE_SIGN_IDENTITY = "";
				COPY_PHASE_STRIP = NO;
				CURRENT_PROJECT_VERSION = 1;
				DEBUG_INFORMATION_FORMAT = "dwarf-with-dsym";
				DEFINES_MODULE = YES;
				DEVELOPMENT_TEAM = 49QMLWEE5Z;
				DYLIB_COMPATIBILITY_VERSION = 1;
				DYLIB_CURRENT_VERSION = 1;
				DYLIB_INSTALL_NAME_BASE = "@rpath";
				ENABLE_NS_ASSERTIONS = NO;
				ENABLE_STRICT_OBJC_MSGSEND = YES;
				GCC_C_LANGUAGE_STANDARD = gnu99;
				GCC_NO_COMMON_BLOCKS = YES;
				GCC_WARN_64_TO_32_BIT_CONVERSION = YES;
				GCC_WARN_ABOUT_RETURN_TYPE = YES_ERROR;
				GCC_WARN_UNDECLARED_SELECTOR = YES;
				GCC_WARN_UNINITIALIZED_AUTOS = YES_AGGRESSIVE;
				GCC_WARN_UNUSED_FUNCTION = YES;
				GCC_WARN_UNUSED_VARIABLE = YES;
				INFOPLIST_FILE = Computer/Info.plist;
				INSTALL_PATH = "$(LOCAL_LIBRARY_DIR)/Frameworks";
				LD_RUNPATH_SEARCH_PATHS = "$(inherited) @executable_path/Frameworks @loader_path/Frameworks";
				MTL_ENABLE_DEBUG_INFO = NO;
				PRODUCT_BUNDLE_IDENTIFIER = com.organi2e.kn.kotan.Computer;
				PRODUCT_NAME = "$(TARGET_NAME)";
				SDKROOT = appletvos;
				SKIP_INSTALL = YES;
				SWIFT_OPTIMIZATION_LEVEL = "-Owholemodule";
				SWIFT_VERSION = 3.0;
				TARGETED_DEVICE_FAMILY = 3;
				TVOS_DEPLOYMENT_TARGET = 10.1;
				VALIDATE_PRODUCT = YES;
				VERSIONING_SYSTEM = "apple-generic";
				VERSION_INFO_PREFIX = "";
			};
			name = Release;
		};
		870C4BD71E3CB10500AF6DE7 /* Debug */ = {
			isa = XCBuildConfiguration;
			buildSettings = {
				ALWAYS_EMBED_SWIFT_STANDARD_LIBRARIES = YES;
				ALWAYS_SEARCH_USER_PATHS = NO;
				CLANG_ANALYZER_NONNULL = YES;
				CLANG_CXX_LANGUAGE_STANDARD = "gnu++0x";
				CLANG_CXX_LIBRARY = "libc++";
				CLANG_ENABLE_MODULES = YES;
				CLANG_ENABLE_OBJC_ARC = YES;
				CLANG_WARN_BOOL_CONVERSION = YES;
				CLANG_WARN_CONSTANT_CONVERSION = YES;
				CLANG_WARN_DIRECT_OBJC_ISA_USAGE = YES_ERROR;
				CLANG_WARN_DOCUMENTATION_COMMENTS = YES;
				CLANG_WARN_EMPTY_BODY = YES;
				CLANG_WARN_ENUM_CONVERSION = YES;
				CLANG_WARN_INFINITE_RECURSION = YES;
				CLANG_WARN_INT_CONVERSION = YES;
				CLANG_WARN_OBJC_ROOT_CLASS = YES_ERROR;
				CLANG_WARN_SUSPICIOUS_MOVE = YES;
				CLANG_WARN_UNREACHABLE_CODE = YES;
				CLANG_WARN__DUPLICATE_METHOD_MATCH = YES;
				COPY_PHASE_STRIP = NO;
				DEBUG_INFORMATION_FORMAT = dwarf;
				DEVELOPMENT_TEAM = 49QMLWEE5Z;
				ENABLE_STRICT_OBJC_MSGSEND = YES;
				ENABLE_TESTABILITY = YES;
				GCC_C_LANGUAGE_STANDARD = gnu99;
				GCC_DYNAMIC_NO_PIC = NO;
				GCC_NO_COMMON_BLOCKS = YES;
				GCC_OPTIMIZATION_LEVEL = 0;
				GCC_PREPROCESSOR_DEFINITIONS = (
					"DEBUG=1",
					"$(inherited)",
				);
				GCC_WARN_64_TO_32_BIT_CONVERSION = YES;
				GCC_WARN_ABOUT_RETURN_TYPE = YES_ERROR;
				GCC_WARN_UNDECLARED_SELECTOR = YES;
				GCC_WARN_UNINITIALIZED_AUTOS = YES_AGGRESSIVE;
				GCC_WARN_UNUSED_FUNCTION = YES;
				GCC_WARN_UNUSED_VARIABLE = YES;
				INFOPLIST_FILE = ComputerTests/Info.plist;
				LD_RUNPATH_SEARCH_PATHS = "$(inherited) @executable_path/Frameworks @loader_path/Frameworks";
				MTL_ENABLE_DEBUG_INFO = YES;
				ONLY_ACTIVE_ARCH = YES;
				PRODUCT_BUNDLE_IDENTIFIER = com.organi2e.kn.kotan.ComputerTests;
				PRODUCT_NAME = "$(TARGET_NAME)";
				SDKROOT = appletvos;
				SWIFT_ACTIVE_COMPILATION_CONDITIONS = DEBUG;
				SWIFT_OPTIMIZATION_LEVEL = "-Onone";
				SWIFT_VERSION = 3.0;
				TEST_HOST = "$(BUILT_PRODUCTS_DIR)/Stage.app/Stage";
				TVOS_DEPLOYMENT_TARGET = 10.1;
			};
			name = Debug;
		};
		870C4BD81E3CB10500AF6DE7 /* Release */ = {
			isa = XCBuildConfiguration;
			buildSettings = {
				ALWAYS_EMBED_SWIFT_STANDARD_LIBRARIES = YES;
				ALWAYS_SEARCH_USER_PATHS = NO;
				CLANG_ANALYZER_NONNULL = YES;
				CLANG_CXX_LANGUAGE_STANDARD = "gnu++0x";
				CLANG_CXX_LIBRARY = "libc++";
				CLANG_ENABLE_MODULES = YES;
				CLANG_ENABLE_OBJC_ARC = YES;
				CLANG_WARN_BOOL_CONVERSION = YES;
				CLANG_WARN_CONSTANT_CONVERSION = YES;
				CLANG_WARN_DIRECT_OBJC_ISA_USAGE = YES_ERROR;
				CLANG_WARN_DOCUMENTATION_COMMENTS = YES;
				CLANG_WARN_EMPTY_BODY = YES;
				CLANG_WARN_ENUM_CONVERSION = YES;
				CLANG_WARN_INFINITE_RECURSION = YES;
				CLANG_WARN_INT_CONVERSION = YES;
				CLANG_WARN_OBJC_ROOT_CLASS = YES_ERROR;
				CLANG_WARN_SUSPICIOUS_MOVE = YES;
				CLANG_WARN_UNREACHABLE_CODE = YES;
				CLANG_WARN__DUPLICATE_METHOD_MATCH = YES;
				COPY_PHASE_STRIP = NO;
				DEBUG_INFORMATION_FORMAT = "dwarf-with-dsym";
				DEVELOPMENT_TEAM = 49QMLWEE5Z;
				ENABLE_NS_ASSERTIONS = NO;
				ENABLE_STRICT_OBJC_MSGSEND = YES;
				GCC_C_LANGUAGE_STANDARD = gnu99;
				GCC_NO_COMMON_BLOCKS = YES;
				GCC_WARN_64_TO_32_BIT_CONVERSION = YES;
				GCC_WARN_ABOUT_RETURN_TYPE = YES_ERROR;
				GCC_WARN_UNDECLARED_SELECTOR = YES;
				GCC_WARN_UNINITIALIZED_AUTOS = YES_AGGRESSIVE;
				GCC_WARN_UNUSED_FUNCTION = YES;
				GCC_WARN_UNUSED_VARIABLE = YES;
				INFOPLIST_FILE = ComputerTests/Info.plist;
				LD_RUNPATH_SEARCH_PATHS = "$(inherited) @executable_path/Frameworks @loader_path/Frameworks";
				MTL_ENABLE_DEBUG_INFO = NO;
				PRODUCT_BUNDLE_IDENTIFIER = com.organi2e.kn.kotan.ComputerTests;
				PRODUCT_NAME = "$(TARGET_NAME)";
				SDKROOT = appletvos;
				SWIFT_OPTIMIZATION_LEVEL = "-Owholemodule";
				SWIFT_VERSION = 3.0;
				TEST_HOST = "$(BUILT_PRODUCTS_DIR)/Stage.app/Stage";
				TVOS_DEPLOYMENT_TARGET = 10.1;
				VALIDATE_PRODUCT = YES;
			};
			name = Release;
		};
		870C4C911E3D63A500AF6DE7 /* Debug */ = {
			isa = XCBuildConfiguration;
			buildSettings = {
				ALWAYS_SEARCH_USER_PATHS = NO;
				CLANG_ANALYZER_NONNULL = YES;
				CLANG_CXX_LANGUAGE_STANDARD = "gnu++0x";
				CLANG_CXX_LIBRARY = "libc++";
				CLANG_ENABLE_MODULES = YES;
				CLANG_ENABLE_OBJC_ARC = YES;
				CLANG_WARN_BOOL_CONVERSION = YES;
				CLANG_WARN_CONSTANT_CONVERSION = YES;
				CLANG_WARN_DIRECT_OBJC_ISA_USAGE = YES_ERROR;
				CLANG_WARN_DOCUMENTATION_COMMENTS = YES;
				CLANG_WARN_EMPTY_BODY = YES;
				CLANG_WARN_ENUM_CONVERSION = YES;
				CLANG_WARN_INFINITE_RECURSION = YES;
				CLANG_WARN_INT_CONVERSION = YES;
				CLANG_WARN_OBJC_ROOT_CLASS = YES_ERROR;
				CLANG_WARN_SUSPICIOUS_MOVE = YES;
				CLANG_WARN_UNREACHABLE_CODE = YES;
				CLANG_WARN__DUPLICATE_METHOD_MATCH = YES;
				CODE_SIGN_IDENTITY = "";
				COPY_PHASE_STRIP = NO;
				CURRENT_PROJECT_VERSION = 1;
				DEBUG_INFORMATION_FORMAT = dwarf;
				DEFINES_MODULE = YES;
				DEVELOPMENT_TEAM = 49QMLWEE5Z;
				DYLIB_COMPATIBILITY_VERSION = 1;
				DYLIB_CURRENT_VERSION = 1;
				DYLIB_INSTALL_NAME_BASE = "@rpath";
				ENABLE_STRICT_OBJC_MSGSEND = YES;
				ENABLE_TESTABILITY = YES;
				GCC_C_LANGUAGE_STANDARD = gnu99;
				GCC_DYNAMIC_NO_PIC = NO;
				GCC_NO_COMMON_BLOCKS = YES;
				GCC_OPTIMIZATION_LEVEL = 0;
				GCC_PREPROCESSOR_DEFINITIONS = (
					"DEBUG=1",
					"$(inherited)",
				);
				GCC_WARN_64_TO_32_BIT_CONVERSION = YES;
				GCC_WARN_ABOUT_RETURN_TYPE = YES_ERROR;
				GCC_WARN_UNDECLARED_SELECTOR = YES;
				GCC_WARN_UNINITIALIZED_AUTOS = YES_AGGRESSIVE;
				GCC_WARN_UNUSED_FUNCTION = YES;
				GCC_WARN_UNUSED_VARIABLE = YES;
				INFOPLIST_FILE = Distributor/Info.plist;
				INSTALL_PATH = "$(LOCAL_LIBRARY_DIR)/Frameworks";
				LD_RUNPATH_SEARCH_PATHS = "$(inherited) @executable_path/Frameworks @loader_path/Frameworks";
				MTL_ENABLE_DEBUG_INFO = YES;
				ONLY_ACTIVE_ARCH = YES;
				PRODUCT_BUNDLE_IDENTIFIER = com.organi2e.kn.kotan.Distributor;
				PRODUCT_NAME = "$(TARGET_NAME)";
				SDKROOT = appletvos;
				SKIP_INSTALL = YES;
				SWIFT_ACTIVE_COMPILATION_CONDITIONS = DEBUG;
				SWIFT_OPTIMIZATION_LEVEL = "-Onone";
				SWIFT_VERSION = 3.0;
				TARGETED_DEVICE_FAMILY = 3;
				TVOS_DEPLOYMENT_TARGET = 10.1;
				VERSIONING_SYSTEM = "apple-generic";
				VERSION_INFO_PREFIX = "";
			};
			name = Debug;
		};
		870C4C921E3D63A500AF6DE7 /* Release */ = {
			isa = XCBuildConfiguration;
			buildSettings = {
				ALWAYS_SEARCH_USER_PATHS = NO;
				CLANG_ANALYZER_NONNULL = YES;
				CLANG_CXX_LANGUAGE_STANDARD = "gnu++0x";
				CLANG_CXX_LIBRARY = "libc++";
				CLANG_ENABLE_MODULES = YES;
				CLANG_ENABLE_OBJC_ARC = YES;
				CLANG_WARN_BOOL_CONVERSION = YES;
				CLANG_WARN_CONSTANT_CONVERSION = YES;
				CLANG_WARN_DIRECT_OBJC_ISA_USAGE = YES_ERROR;
				CLANG_WARN_DOCUMENTATION_COMMENTS = YES;
				CLANG_WARN_EMPTY_BODY = YES;
				CLANG_WARN_ENUM_CONVERSION = YES;
				CLANG_WARN_INFINITE_RECURSION = YES;
				CLANG_WARN_INT_CONVERSION = YES;
				CLANG_WARN_OBJC_ROOT_CLASS = YES_ERROR;
				CLANG_WARN_SUSPICIOUS_MOVE = YES;
				CLANG_WARN_UNREACHABLE_CODE = YES;
				CLANG_WARN__DUPLICATE_METHOD_MATCH = YES;
				CODE_SIGN_IDENTITY = "";
				COPY_PHASE_STRIP = NO;
				CURRENT_PROJECT_VERSION = 1;
				DEBUG_INFORMATION_FORMAT = "dwarf-with-dsym";
				DEFINES_MODULE = YES;
				DEVELOPMENT_TEAM = 49QMLWEE5Z;
				DYLIB_COMPATIBILITY_VERSION = 1;
				DYLIB_CURRENT_VERSION = 1;
				DYLIB_INSTALL_NAME_BASE = "@rpath";
				ENABLE_NS_ASSERTIONS = NO;
				ENABLE_STRICT_OBJC_MSGSEND = YES;
				GCC_C_LANGUAGE_STANDARD = gnu99;
				GCC_NO_COMMON_BLOCKS = YES;
				GCC_WARN_64_TO_32_BIT_CONVERSION = YES;
				GCC_WARN_ABOUT_RETURN_TYPE = YES_ERROR;
				GCC_WARN_UNDECLARED_SELECTOR = YES;
				GCC_WARN_UNINITIALIZED_AUTOS = YES_AGGRESSIVE;
				GCC_WARN_UNUSED_FUNCTION = YES;
				GCC_WARN_UNUSED_VARIABLE = YES;
				INFOPLIST_FILE = Distributor/Info.plist;
				INSTALL_PATH = "$(LOCAL_LIBRARY_DIR)/Frameworks";
				LD_RUNPATH_SEARCH_PATHS = "$(inherited) @executable_path/Frameworks @loader_path/Frameworks";
				MTL_ENABLE_DEBUG_INFO = NO;
				PRODUCT_BUNDLE_IDENTIFIER = com.organi2e.kn.kotan.Distributor;
				PRODUCT_NAME = "$(TARGET_NAME)";
				SDKROOT = appletvos;
				SKIP_INSTALL = YES;
				SWIFT_OPTIMIZATION_LEVEL = "-Owholemodule";
				SWIFT_VERSION = 3.0;
				TARGETED_DEVICE_FAMILY = 3;
				TVOS_DEPLOYMENT_TARGET = 10.1;
				VALIDATE_PRODUCT = YES;
				VERSIONING_SYSTEM = "apple-generic";
				VERSION_INFO_PREFIX = "";
			};
			name = Release;
		};
		870C4C941E3D63A500AF6DE7 /* Debug */ = {
			isa = XCBuildConfiguration;
			buildSettings = {
				ALWAYS_EMBED_SWIFT_STANDARD_LIBRARIES = YES;
				ALWAYS_SEARCH_USER_PATHS = NO;
				CLANG_ANALYZER_NONNULL = YES;
				CLANG_CXX_LANGUAGE_STANDARD = "gnu++0x";
				CLANG_CXX_LIBRARY = "libc++";
				CLANG_ENABLE_MODULES = YES;
				CLANG_ENABLE_OBJC_ARC = YES;
				CLANG_WARN_BOOL_CONVERSION = YES;
				CLANG_WARN_CONSTANT_CONVERSION = YES;
				CLANG_WARN_DIRECT_OBJC_ISA_USAGE = YES_ERROR;
				CLANG_WARN_DOCUMENTATION_COMMENTS = YES;
				CLANG_WARN_EMPTY_BODY = YES;
				CLANG_WARN_ENUM_CONVERSION = YES;
				CLANG_WARN_INFINITE_RECURSION = YES;
				CLANG_WARN_INT_CONVERSION = YES;
				CLANG_WARN_OBJC_ROOT_CLASS = YES_ERROR;
				CLANG_WARN_SUSPICIOUS_MOVE = YES;
				CLANG_WARN_UNREACHABLE_CODE = YES;
				CLANG_WARN__DUPLICATE_METHOD_MATCH = YES;
				COPY_PHASE_STRIP = NO;
				DEBUG_INFORMATION_FORMAT = dwarf;
				DEVELOPMENT_TEAM = 49QMLWEE5Z;
				ENABLE_STRICT_OBJC_MSGSEND = YES;
				ENABLE_TESTABILITY = YES;
				GCC_C_LANGUAGE_STANDARD = gnu99;
				GCC_DYNAMIC_NO_PIC = NO;
				GCC_NO_COMMON_BLOCKS = YES;
				GCC_OPTIMIZATION_LEVEL = 0;
				GCC_PREPROCESSOR_DEFINITIONS = (
					"DEBUG=1",
					"$(inherited)",
				);
				GCC_WARN_64_TO_32_BIT_CONVERSION = YES;
				GCC_WARN_ABOUT_RETURN_TYPE = YES_ERROR;
				GCC_WARN_UNDECLARED_SELECTOR = YES;
				GCC_WARN_UNINITIALIZED_AUTOS = YES_AGGRESSIVE;
				GCC_WARN_UNUSED_FUNCTION = YES;
				GCC_WARN_UNUSED_VARIABLE = YES;
				INFOPLIST_FILE = DistributorTests/Info.plist;
				LD_RUNPATH_SEARCH_PATHS = "$(inherited) @executable_path/Frameworks @loader_path/Frameworks";
				MTL_ENABLE_DEBUG_INFO = YES;
				ONLY_ACTIVE_ARCH = YES;
				PRODUCT_BUNDLE_IDENTIFIER = com.organi2e.kn.kotan.DistributorTests;
				PRODUCT_NAME = "$(TARGET_NAME)";
				SDKROOT = appletvos;
				SWIFT_ACTIVE_COMPILATION_CONDITIONS = DEBUG;
				SWIFT_OPTIMIZATION_LEVEL = "-Onone";
				SWIFT_VERSION = 3.0;
				TEST_HOST = "$(BUILT_PRODUCTS_DIR)/Stage.app/Stage";
				TVOS_DEPLOYMENT_TARGET = 10.1;
			};
			name = Debug;
		};
		870C4C951E3D63A500AF6DE7 /* Release */ = {
			isa = XCBuildConfiguration;
			buildSettings = {
				ALWAYS_EMBED_SWIFT_STANDARD_LIBRARIES = YES;
				ALWAYS_SEARCH_USER_PATHS = NO;
				CLANG_ANALYZER_NONNULL = YES;
				CLANG_CXX_LANGUAGE_STANDARD = "gnu++0x";
				CLANG_CXX_LIBRARY = "libc++";
				CLANG_ENABLE_MODULES = YES;
				CLANG_ENABLE_OBJC_ARC = YES;
				CLANG_WARN_BOOL_CONVERSION = YES;
				CLANG_WARN_CONSTANT_CONVERSION = YES;
				CLANG_WARN_DIRECT_OBJC_ISA_USAGE = YES_ERROR;
				CLANG_WARN_DOCUMENTATION_COMMENTS = YES;
				CLANG_WARN_EMPTY_BODY = YES;
				CLANG_WARN_ENUM_CONVERSION = YES;
				CLANG_WARN_INFINITE_RECURSION = YES;
				CLANG_WARN_INT_CONVERSION = YES;
				CLANG_WARN_OBJC_ROOT_CLASS = YES_ERROR;
				CLANG_WARN_SUSPICIOUS_MOVE = YES;
				CLANG_WARN_UNREACHABLE_CODE = YES;
				CLANG_WARN__DUPLICATE_METHOD_MATCH = YES;
				COPY_PHASE_STRIP = NO;
				DEBUG_INFORMATION_FORMAT = "dwarf-with-dsym";
				DEVELOPMENT_TEAM = 49QMLWEE5Z;
				ENABLE_NS_ASSERTIONS = NO;
				ENABLE_STRICT_OBJC_MSGSEND = YES;
				GCC_C_LANGUAGE_STANDARD = gnu99;
				GCC_NO_COMMON_BLOCKS = YES;
				GCC_WARN_64_TO_32_BIT_CONVERSION = YES;
				GCC_WARN_ABOUT_RETURN_TYPE = YES_ERROR;
				GCC_WARN_UNDECLARED_SELECTOR = YES;
				GCC_WARN_UNINITIALIZED_AUTOS = YES_AGGRESSIVE;
				GCC_WARN_UNUSED_FUNCTION = YES;
				GCC_WARN_UNUSED_VARIABLE = YES;
				INFOPLIST_FILE = DistributorTests/Info.plist;
				LD_RUNPATH_SEARCH_PATHS = "$(inherited) @executable_path/Frameworks @loader_path/Frameworks";
				MTL_ENABLE_DEBUG_INFO = NO;
				PRODUCT_BUNDLE_IDENTIFIER = com.organi2e.kn.kotan.DistributorTests;
				PRODUCT_NAME = "$(TARGET_NAME)";
				SDKROOT = appletvos;
				SWIFT_OPTIMIZATION_LEVEL = "-Owholemodule";
				SWIFT_VERSION = 3.0;
				TEST_HOST = "$(BUILT_PRODUCTS_DIR)/Stage.app/Stage";
				TVOS_DEPLOYMENT_TARGET = 10.1;
				VALIDATE_PRODUCT = YES;
			};
			name = Release;
		};
		8740ED701E41C63F00D6B6B1 /* Debug */ = {
			isa = XCBuildConfiguration;
			buildSettings = {
				ALWAYS_SEARCH_USER_PATHS = NO;
				CLANG_ANALYZER_NONNULL = YES;
				CLANG_CXX_LANGUAGE_STANDARD = "gnu++0x";
				CLANG_CXX_LIBRARY = "libc++";
				CLANG_ENABLE_MODULES = YES;
				CLANG_ENABLE_OBJC_ARC = YES;
				CLANG_WARN_BOOL_CONVERSION = YES;
				CLANG_WARN_CONSTANT_CONVERSION = YES;
				CLANG_WARN_DIRECT_OBJC_ISA_USAGE = YES_ERROR;
				CLANG_WARN_DOCUMENTATION_COMMENTS = YES;
				CLANG_WARN_EMPTY_BODY = YES;
				CLANG_WARN_ENUM_CONVERSION = YES;
				CLANG_WARN_INFINITE_RECURSION = YES;
				CLANG_WARN_INT_CONVERSION = YES;
				CLANG_WARN_OBJC_ROOT_CLASS = YES_ERROR;
				CLANG_WARN_SUSPICIOUS_MOVE = YES;
				CLANG_WARN_UNREACHABLE_CODE = YES;
				CLANG_WARN__DUPLICATE_METHOD_MATCH = YES;
				CODE_SIGN_IDENTITY = "";
				COPY_PHASE_STRIP = NO;
				CURRENT_PROJECT_VERSION = 1;
				DEBUG_INFORMATION_FORMAT = dwarf;
				DEFINES_MODULE = YES;
				DEVELOPMENT_TEAM = 49QMLWEE5Z;
				DYLIB_COMPATIBILITY_VERSION = 1;
				DYLIB_CURRENT_VERSION = 1;
				DYLIB_INSTALL_NAME_BASE = "@rpath";
				ENABLE_STRICT_OBJC_MSGSEND = YES;
				ENABLE_TESTABILITY = YES;
				GCC_C_LANGUAGE_STANDARD = gnu99;
				GCC_DYNAMIC_NO_PIC = NO;
				GCC_NO_COMMON_BLOCKS = YES;
				GCC_OPTIMIZATION_LEVEL = 0;
				GCC_PREPROCESSOR_DEFINITIONS = (
					"DEBUG=1",
					"$(inherited)",
				);
				GCC_WARN_64_TO_32_BIT_CONVERSION = YES;
				GCC_WARN_ABOUT_RETURN_TYPE = YES_ERROR;
				GCC_WARN_UNDECLARED_SELECTOR = YES;
				GCC_WARN_UNINITIALIZED_AUTOS = YES_AGGRESSIVE;
				GCC_WARN_UNUSED_FUNCTION = YES;
				GCC_WARN_UNUSED_VARIABLE = YES;
				INFOPLIST_FILE = Optimizer/Info.plist;
				INSTALL_PATH = "$(LOCAL_LIBRARY_DIR)/Frameworks";
				LD_RUNPATH_SEARCH_PATHS = "$(inherited) @executable_path/Frameworks @loader_path/Frameworks";
				MTL_ENABLE_DEBUG_INFO = YES;
				ONLY_ACTIVE_ARCH = YES;
				PRODUCT_BUNDLE_IDENTIFIER = com.organi2e.kn.kotan.Optimizer;
				PRODUCT_NAME = "$(TARGET_NAME)";
				SDKROOT = appletvos;
				SKIP_INSTALL = YES;
				SWIFT_ACTIVE_COMPILATION_CONDITIONS = DEBUG;
				SWIFT_OPTIMIZATION_LEVEL = "-Onone";
				SWIFT_VERSION = 3.0;
				TARGETED_DEVICE_FAMILY = 3;
				TVOS_DEPLOYMENT_TARGET = 10.1;
				VERSIONING_SYSTEM = "apple-generic";
				VERSION_INFO_PREFIX = "";
			};
			name = Debug;
		};
		8740ED711E41C63F00D6B6B1 /* Release */ = {
			isa = XCBuildConfiguration;
			buildSettings = {
				ALWAYS_SEARCH_USER_PATHS = NO;
				CLANG_ANALYZER_NONNULL = YES;
				CLANG_CXX_LANGUAGE_STANDARD = "gnu++0x";
				CLANG_CXX_LIBRARY = "libc++";
				CLANG_ENABLE_MODULES = YES;
				CLANG_ENABLE_OBJC_ARC = YES;
				CLANG_WARN_BOOL_CONVERSION = YES;
				CLANG_WARN_CONSTANT_CONVERSION = YES;
				CLANG_WARN_DIRECT_OBJC_ISA_USAGE = YES_ERROR;
				CLANG_WARN_DOCUMENTATION_COMMENTS = YES;
				CLANG_WARN_EMPTY_BODY = YES;
				CLANG_WARN_ENUM_CONVERSION = YES;
				CLANG_WARN_INFINITE_RECURSION = YES;
				CLANG_WARN_INT_CONVERSION = YES;
				CLANG_WARN_OBJC_ROOT_CLASS = YES_ERROR;
				CLANG_WARN_SUSPICIOUS_MOVE = YES;
				CLANG_WARN_UNREACHABLE_CODE = YES;
				CLANG_WARN__DUPLICATE_METHOD_MATCH = YES;
				CODE_SIGN_IDENTITY = "";
				COPY_PHASE_STRIP = NO;
				CURRENT_PROJECT_VERSION = 1;
				DEBUG_INFORMATION_FORMAT = "dwarf-with-dsym";
				DEFINES_MODULE = YES;
				DEVELOPMENT_TEAM = 49QMLWEE5Z;
				DYLIB_COMPATIBILITY_VERSION = 1;
				DYLIB_CURRENT_VERSION = 1;
				DYLIB_INSTALL_NAME_BASE = "@rpath";
				ENABLE_NS_ASSERTIONS = NO;
				ENABLE_STRICT_OBJC_MSGSEND = YES;
				GCC_C_LANGUAGE_STANDARD = gnu99;
				GCC_NO_COMMON_BLOCKS = YES;
				GCC_WARN_64_TO_32_BIT_CONVERSION = YES;
				GCC_WARN_ABOUT_RETURN_TYPE = YES_ERROR;
				GCC_WARN_UNDECLARED_SELECTOR = YES;
				GCC_WARN_UNINITIALIZED_AUTOS = YES_AGGRESSIVE;
				GCC_WARN_UNUSED_FUNCTION = YES;
				GCC_WARN_UNUSED_VARIABLE = YES;
				INFOPLIST_FILE = Optimizer/Info.plist;
				INSTALL_PATH = "$(LOCAL_LIBRARY_DIR)/Frameworks";
				LD_RUNPATH_SEARCH_PATHS = "$(inherited) @executable_path/Frameworks @loader_path/Frameworks";
				MTL_ENABLE_DEBUG_INFO = NO;
				PRODUCT_BUNDLE_IDENTIFIER = com.organi2e.kn.kotan.Optimizer;
				PRODUCT_NAME = "$(TARGET_NAME)";
				SDKROOT = appletvos;
				SKIP_INSTALL = YES;
				SWIFT_OPTIMIZATION_LEVEL = "-Owholemodule";
				SWIFT_VERSION = 3.0;
				TARGETED_DEVICE_FAMILY = 3;
				TVOS_DEPLOYMENT_TARGET = 10.1;
				VALIDATE_PRODUCT = YES;
				VERSIONING_SYSTEM = "apple-generic";
				VERSION_INFO_PREFIX = "";
			};
			name = Release;
		};
		8740ED721E41C63F00D6B6B1 /* Debug */ = {
			isa = XCBuildConfiguration;
			buildSettings = {
				ALWAYS_EMBED_SWIFT_STANDARD_LIBRARIES = YES;
				ALWAYS_SEARCH_USER_PATHS = NO;
				CLANG_ANALYZER_NONNULL = YES;
				CLANG_CXX_LANGUAGE_STANDARD = "gnu++0x";
				CLANG_CXX_LIBRARY = "libc++";
				CLANG_ENABLE_MODULES = YES;
				CLANG_ENABLE_OBJC_ARC = YES;
				CLANG_WARN_BOOL_CONVERSION = YES;
				CLANG_WARN_CONSTANT_CONVERSION = YES;
				CLANG_WARN_DIRECT_OBJC_ISA_USAGE = YES_ERROR;
				CLANG_WARN_DOCUMENTATION_COMMENTS = YES;
				CLANG_WARN_EMPTY_BODY = YES;
				CLANG_WARN_ENUM_CONVERSION = YES;
				CLANG_WARN_INFINITE_RECURSION = YES;
				CLANG_WARN_INT_CONVERSION = YES;
				CLANG_WARN_OBJC_ROOT_CLASS = YES_ERROR;
				CLANG_WARN_SUSPICIOUS_MOVE = YES;
				CLANG_WARN_UNREACHABLE_CODE = YES;
				CLANG_WARN__DUPLICATE_METHOD_MATCH = YES;
				COPY_PHASE_STRIP = NO;
				DEBUG_INFORMATION_FORMAT = dwarf;
				DEVELOPMENT_TEAM = 49QMLWEE5Z;
				ENABLE_STRICT_OBJC_MSGSEND = YES;
				ENABLE_TESTABILITY = YES;
				GCC_C_LANGUAGE_STANDARD = gnu99;
				GCC_DYNAMIC_NO_PIC = NO;
				GCC_NO_COMMON_BLOCKS = YES;
				GCC_OPTIMIZATION_LEVEL = 0;
				GCC_PREPROCESSOR_DEFINITIONS = (
					"DEBUG=1",
					"$(inherited)",
				);
				GCC_WARN_64_TO_32_BIT_CONVERSION = YES;
				GCC_WARN_ABOUT_RETURN_TYPE = YES_ERROR;
				GCC_WARN_UNDECLARED_SELECTOR = YES;
				GCC_WARN_UNINITIALIZED_AUTOS = YES_AGGRESSIVE;
				GCC_WARN_UNUSED_FUNCTION = YES;
				GCC_WARN_UNUSED_VARIABLE = YES;
				INFOPLIST_FILE = OptimizerTests/Info.plist;
				LD_RUNPATH_SEARCH_PATHS = "$(inherited) @executable_path/Frameworks @loader_path/Frameworks";
				MTL_ENABLE_DEBUG_INFO = YES;
				ONLY_ACTIVE_ARCH = YES;
				PRODUCT_BUNDLE_IDENTIFIER = com.organi2e.kn.kotan.OptimizerTests;
				PRODUCT_NAME = "$(TARGET_NAME)";
				SDKROOT = appletvos;
				SWIFT_ACTIVE_COMPILATION_CONDITIONS = DEBUG;
				SWIFT_OPTIMIZATION_LEVEL = "-Onone";
				SWIFT_VERSION = 3.0;
				TEST_HOST = "$(BUILT_PRODUCTS_DIR)/Stage.app/Stage";
				TVOS_DEPLOYMENT_TARGET = 10.1;
			};
			name = Debug;
		};
		8740ED731E41C63F00D6B6B1 /* Release */ = {
			isa = XCBuildConfiguration;
			buildSettings = {
				ALWAYS_EMBED_SWIFT_STANDARD_LIBRARIES = YES;
				ALWAYS_SEARCH_USER_PATHS = NO;
				CLANG_ANALYZER_NONNULL = YES;
				CLANG_CXX_LANGUAGE_STANDARD = "gnu++0x";
				CLANG_CXX_LIBRARY = "libc++";
				CLANG_ENABLE_MODULES = YES;
				CLANG_ENABLE_OBJC_ARC = YES;
				CLANG_WARN_BOOL_CONVERSION = YES;
				CLANG_WARN_CONSTANT_CONVERSION = YES;
				CLANG_WARN_DIRECT_OBJC_ISA_USAGE = YES_ERROR;
				CLANG_WARN_DOCUMENTATION_COMMENTS = YES;
				CLANG_WARN_EMPTY_BODY = YES;
				CLANG_WARN_ENUM_CONVERSION = YES;
				CLANG_WARN_INFINITE_RECURSION = YES;
				CLANG_WARN_INT_CONVERSION = YES;
				CLANG_WARN_OBJC_ROOT_CLASS = YES_ERROR;
				CLANG_WARN_SUSPICIOUS_MOVE = YES;
				CLANG_WARN_UNREACHABLE_CODE = YES;
				CLANG_WARN__DUPLICATE_METHOD_MATCH = YES;
				COPY_PHASE_STRIP = NO;
				DEBUG_INFORMATION_FORMAT = "dwarf-with-dsym";
				DEVELOPMENT_TEAM = 49QMLWEE5Z;
				ENABLE_NS_ASSERTIONS = NO;
				ENABLE_STRICT_OBJC_MSGSEND = YES;
				GCC_C_LANGUAGE_STANDARD = gnu99;
				GCC_NO_COMMON_BLOCKS = YES;
				GCC_WARN_64_TO_32_BIT_CONVERSION = YES;
				GCC_WARN_ABOUT_RETURN_TYPE = YES_ERROR;
				GCC_WARN_UNDECLARED_SELECTOR = YES;
				GCC_WARN_UNINITIALIZED_AUTOS = YES_AGGRESSIVE;
				GCC_WARN_UNUSED_FUNCTION = YES;
				GCC_WARN_UNUSED_VARIABLE = YES;
				INFOPLIST_FILE = OptimizerTests/Info.plist;
				LD_RUNPATH_SEARCH_PATHS = "$(inherited) @executable_path/Frameworks @loader_path/Frameworks";
				MTL_ENABLE_DEBUG_INFO = NO;
				PRODUCT_BUNDLE_IDENTIFIER = com.organi2e.kn.kotan.OptimizerTests;
				PRODUCT_NAME = "$(TARGET_NAME)";
				SDKROOT = appletvos;
				SWIFT_OPTIMIZATION_LEVEL = "-Owholemodule";
				SWIFT_VERSION = 3.0;
				TEST_HOST = "$(BUILT_PRODUCTS_DIR)/Stage.app/Stage";
				TVOS_DEPLOYMENT_TARGET = 10.1;
				VALIDATE_PRODUCT = YES;
			};
			name = Release;
		};
		8759314C1E3B40C5006B60FF /* Debug */ = {
			isa = XCBuildConfiguration;
			buildSettings = {
			};
			name = Debug;
		};
		8759314D1E3B40C5006B60FF /* Release */ = {
			isa = XCBuildConfiguration;
			buildSettings = {
			};
			name = Release;
		};
		87BD66661E6E934000811ACF /* Debug */ = {
			isa = XCBuildConfiguration;
			buildSettings = {
				ALWAYS_SEARCH_USER_PATHS = NO;
				CLANG_ANALYZER_NONNULL = YES;
				CLANG_CXX_LANGUAGE_STANDARD = "gnu++0x";
				CLANG_CXX_LIBRARY = "libc++";
				CLANG_ENABLE_MODULES = YES;
				CLANG_ENABLE_OBJC_ARC = YES;
				CLANG_WARN_BOOL_CONVERSION = YES;
				CLANG_WARN_CONSTANT_CONVERSION = YES;
				CLANG_WARN_DIRECT_OBJC_ISA_USAGE = YES_ERROR;
				CLANG_WARN_DOCUMENTATION_COMMENTS = YES;
				CLANG_WARN_EMPTY_BODY = YES;
				CLANG_WARN_ENUM_CONVERSION = YES;
				CLANG_WARN_INFINITE_RECURSION = YES;
				CLANG_WARN_INT_CONVERSION = YES;
				CLANG_WARN_OBJC_ROOT_CLASS = YES_ERROR;
				CLANG_WARN_SUSPICIOUS_MOVE = YES;
				CLANG_WARN_UNREACHABLE_CODE = YES;
				CLANG_WARN__DUPLICATE_METHOD_MATCH = YES;
				CODE_SIGN_IDENTITY = "";
				COPY_PHASE_STRIP = NO;
				CURRENT_PROJECT_VERSION = 1;
				DEBUG_INFORMATION_FORMAT = dwarf;
				DEFINES_MODULE = YES;
				DEVELOPMENT_TEAM = 49QMLWEE5Z;
				DYLIB_COMPATIBILITY_VERSION = 1;
				DYLIB_CURRENT_VERSION = 1;
				DYLIB_INSTALL_NAME_BASE = "@rpath";
				ENABLE_STRICT_OBJC_MSGSEND = YES;
				ENABLE_TESTABILITY = YES;
				GCC_C_LANGUAGE_STANDARD = gnu99;
				GCC_DYNAMIC_NO_PIC = NO;
				GCC_NO_COMMON_BLOCKS = YES;
				GCC_OPTIMIZATION_LEVEL = 0;
				GCC_PREPROCESSOR_DEFINITIONS = (
					"DEBUG=1",
					"$(inherited)",
				);
				GCC_WARN_64_TO_32_BIT_CONVERSION = YES;
				GCC_WARN_ABOUT_RETURN_TYPE = YES_ERROR;
				GCC_WARN_UNDECLARED_SELECTOR = YES;
				GCC_WARN_UNINITIALIZED_AUTOS = YES_AGGRESSIVE;
				GCC_WARN_UNUSED_FUNCTION = YES;
				GCC_WARN_UNUSED_VARIABLE = YES;
				INFOPLIST_FILE = Math/Info.plist;
				INSTALL_PATH = "$(LOCAL_LIBRARY_DIR)/Frameworks";
				LD_RUNPATH_SEARCH_PATHS = "$(inherited) @executable_path/Frameworks @loader_path/Frameworks";
				MTL_ENABLE_DEBUG_INFO = YES;
				ONLY_ACTIVE_ARCH = YES;
				PRODUCT_BUNDLE_IDENTIFIER = com.organi2e.kn.kotan.Math;
				PRODUCT_NAME = "$(TARGET_NAME)";
				SDKROOT = appletvos;
				SKIP_INSTALL = YES;
				SWIFT_ACTIVE_COMPILATION_CONDITIONS = DEBUG;
				SWIFT_OPTIMIZATION_LEVEL = "-Onone";
				SWIFT_VERSION = 3.0;
				TARGETED_DEVICE_FAMILY = 3;
				TVOS_DEPLOYMENT_TARGET = 10.1;
				VERSIONING_SYSTEM = "apple-generic";
				VERSION_INFO_PREFIX = "";
			};
			name = Debug;
		};
		87BD66671E6E934000811ACF /* Release */ = {
			isa = XCBuildConfiguration;
			buildSettings = {
				ALWAYS_SEARCH_USER_PATHS = NO;
				CLANG_ANALYZER_NONNULL = YES;
				CLANG_CXX_LANGUAGE_STANDARD = "gnu++0x";
				CLANG_CXX_LIBRARY = "libc++";
				CLANG_ENABLE_MODULES = YES;
				CLANG_ENABLE_OBJC_ARC = YES;
				CLANG_WARN_BOOL_CONVERSION = YES;
				CLANG_WARN_CONSTANT_CONVERSION = YES;
				CLANG_WARN_DIRECT_OBJC_ISA_USAGE = YES_ERROR;
				CLANG_WARN_DOCUMENTATION_COMMENTS = YES;
				CLANG_WARN_EMPTY_BODY = YES;
				CLANG_WARN_ENUM_CONVERSION = YES;
				CLANG_WARN_INFINITE_RECURSION = YES;
				CLANG_WARN_INT_CONVERSION = YES;
				CLANG_WARN_OBJC_ROOT_CLASS = YES_ERROR;
				CLANG_WARN_SUSPICIOUS_MOVE = YES;
				CLANG_WARN_UNREACHABLE_CODE = YES;
				CLANG_WARN__DUPLICATE_METHOD_MATCH = YES;
				CODE_SIGN_IDENTITY = "";
				COPY_PHASE_STRIP = NO;
				CURRENT_PROJECT_VERSION = 1;
				DEBUG_INFORMATION_FORMAT = "dwarf-with-dsym";
				DEFINES_MODULE = YES;
				DEVELOPMENT_TEAM = 49QMLWEE5Z;
				DYLIB_COMPATIBILITY_VERSION = 1;
				DYLIB_CURRENT_VERSION = 1;
				DYLIB_INSTALL_NAME_BASE = "@rpath";
				ENABLE_NS_ASSERTIONS = NO;
				ENABLE_STRICT_OBJC_MSGSEND = YES;
				GCC_C_LANGUAGE_STANDARD = gnu99;
				GCC_NO_COMMON_BLOCKS = YES;
				GCC_WARN_64_TO_32_BIT_CONVERSION = YES;
				GCC_WARN_ABOUT_RETURN_TYPE = YES_ERROR;
				GCC_WARN_UNDECLARED_SELECTOR = YES;
				GCC_WARN_UNINITIALIZED_AUTOS = YES_AGGRESSIVE;
				GCC_WARN_UNUSED_FUNCTION = YES;
				GCC_WARN_UNUSED_VARIABLE = YES;
				INFOPLIST_FILE = Math/Info.plist;
				INSTALL_PATH = "$(LOCAL_LIBRARY_DIR)/Frameworks";
				LD_RUNPATH_SEARCH_PATHS = "$(inherited) @executable_path/Frameworks @loader_path/Frameworks";
				MTL_ENABLE_DEBUG_INFO = NO;
				PRODUCT_BUNDLE_IDENTIFIER = com.organi2e.kn.kotan.Math;
				PRODUCT_NAME = "$(TARGET_NAME)";
				SDKROOT = appletvos;
				SKIP_INSTALL = YES;
				SWIFT_OPTIMIZATION_LEVEL = "-Owholemodule";
				SWIFT_VERSION = 3.0;
				TARGETED_DEVICE_FAMILY = 3;
				TVOS_DEPLOYMENT_TARGET = 10.1;
				VALIDATE_PRODUCT = YES;
				VERSIONING_SYSTEM = "apple-generic";
				VERSION_INFO_PREFIX = "";
			};
			name = Release;
		};
		87BD66691E6E934000811ACF /* Debug */ = {
			isa = XCBuildConfiguration;
			buildSettings = {
				ALWAYS_EMBED_SWIFT_STANDARD_LIBRARIES = YES;
				ALWAYS_SEARCH_USER_PATHS = NO;
				CLANG_ANALYZER_NONNULL = YES;
				CLANG_CXX_LANGUAGE_STANDARD = "gnu++0x";
				CLANG_CXX_LIBRARY = "libc++";
				CLANG_ENABLE_MODULES = YES;
				CLANG_ENABLE_OBJC_ARC = YES;
				CLANG_WARN_BOOL_CONVERSION = YES;
				CLANG_WARN_CONSTANT_CONVERSION = YES;
				CLANG_WARN_DIRECT_OBJC_ISA_USAGE = YES_ERROR;
				CLANG_WARN_DOCUMENTATION_COMMENTS = YES;
				CLANG_WARN_EMPTY_BODY = YES;
				CLANG_WARN_ENUM_CONVERSION = YES;
				CLANG_WARN_INFINITE_RECURSION = YES;
				CLANG_WARN_INT_CONVERSION = YES;
				CLANG_WARN_OBJC_ROOT_CLASS = YES_ERROR;
				CLANG_WARN_SUSPICIOUS_MOVE = YES;
				CLANG_WARN_UNREACHABLE_CODE = YES;
				CLANG_WARN__DUPLICATE_METHOD_MATCH = YES;
				COPY_PHASE_STRIP = NO;
				DEBUG_INFORMATION_FORMAT = dwarf;
				DEVELOPMENT_TEAM = 49QMLWEE5Z;
				ENABLE_STRICT_OBJC_MSGSEND = YES;
				ENABLE_TESTABILITY = YES;
				GCC_C_LANGUAGE_STANDARD = gnu99;
				GCC_DYNAMIC_NO_PIC = NO;
				GCC_NO_COMMON_BLOCKS = YES;
				GCC_OPTIMIZATION_LEVEL = 0;
				GCC_PREPROCESSOR_DEFINITIONS = (
					"DEBUG=1",
					"$(inherited)",
				);
				GCC_WARN_64_TO_32_BIT_CONVERSION = YES;
				GCC_WARN_ABOUT_RETURN_TYPE = YES_ERROR;
				GCC_WARN_UNDECLARED_SELECTOR = YES;
				GCC_WARN_UNINITIALIZED_AUTOS = YES_AGGRESSIVE;
				GCC_WARN_UNUSED_FUNCTION = YES;
				GCC_WARN_UNUSED_VARIABLE = YES;
				INFOPLIST_FILE = MathTests/Info.plist;
				LD_RUNPATH_SEARCH_PATHS = "$(inherited) @executable_path/Frameworks @loader_path/Frameworks";
				MTL_ENABLE_DEBUG_INFO = YES;
				ONLY_ACTIVE_ARCH = YES;
				PRODUCT_BUNDLE_IDENTIFIER = com.organi2e.kn.kotan.MathTests;
				PRODUCT_NAME = "$(TARGET_NAME)";
				SDKROOT = appletvos;
				SWIFT_ACTIVE_COMPILATION_CONDITIONS = DEBUG;
				SWIFT_OPTIMIZATION_LEVEL = "-Onone";
				SWIFT_VERSION = 3.0;
				TEST_HOST = "$(BUILT_PRODUCTS_DIR)/Stage.app/Stage";
				TVOS_DEPLOYMENT_TARGET = 10.1;
			};
			name = Debug;
		};
		87BD666A1E6E934000811ACF /* Release */ = {
			isa = XCBuildConfiguration;
			buildSettings = {
				ALWAYS_EMBED_SWIFT_STANDARD_LIBRARIES = YES;
				ALWAYS_SEARCH_USER_PATHS = NO;
				CLANG_ANALYZER_NONNULL = YES;
				CLANG_CXX_LANGUAGE_STANDARD = "gnu++0x";
				CLANG_CXX_LIBRARY = "libc++";
				CLANG_ENABLE_MODULES = YES;
				CLANG_ENABLE_OBJC_ARC = YES;
				CLANG_WARN_BOOL_CONVERSION = YES;
				CLANG_WARN_CONSTANT_CONVERSION = YES;
				CLANG_WARN_DIRECT_OBJC_ISA_USAGE = YES_ERROR;
				CLANG_WARN_DOCUMENTATION_COMMENTS = YES;
				CLANG_WARN_EMPTY_BODY = YES;
				CLANG_WARN_ENUM_CONVERSION = YES;
				CLANG_WARN_INFINITE_RECURSION = YES;
				CLANG_WARN_INT_CONVERSION = YES;
				CLANG_WARN_OBJC_ROOT_CLASS = YES_ERROR;
				CLANG_WARN_SUSPICIOUS_MOVE = YES;
				CLANG_WARN_UNREACHABLE_CODE = YES;
				CLANG_WARN__DUPLICATE_METHOD_MATCH = YES;
				COPY_PHASE_STRIP = NO;
				DEBUG_INFORMATION_FORMAT = "dwarf-with-dsym";
				DEVELOPMENT_TEAM = 49QMLWEE5Z;
				ENABLE_NS_ASSERTIONS = NO;
				ENABLE_STRICT_OBJC_MSGSEND = YES;
				GCC_C_LANGUAGE_STANDARD = gnu99;
				GCC_NO_COMMON_BLOCKS = YES;
				GCC_WARN_64_TO_32_BIT_CONVERSION = YES;
				GCC_WARN_ABOUT_RETURN_TYPE = YES_ERROR;
				GCC_WARN_UNDECLARED_SELECTOR = YES;
				GCC_WARN_UNINITIALIZED_AUTOS = YES_AGGRESSIVE;
				GCC_WARN_UNUSED_FUNCTION = YES;
				GCC_WARN_UNUSED_VARIABLE = YES;
				INFOPLIST_FILE = MathTests/Info.plist;
				LD_RUNPATH_SEARCH_PATHS = "$(inherited) @executable_path/Frameworks @loader_path/Frameworks";
				MTL_ENABLE_DEBUG_INFO = NO;
				PRODUCT_BUNDLE_IDENTIFIER = com.organi2e.kn.kotan.MathTests;
				PRODUCT_NAME = "$(TARGET_NAME)";
				SDKROOT = appletvos;
				SWIFT_OPTIMIZATION_LEVEL = "-Owholemodule";
				SWIFT_VERSION = 3.0;
				TEST_HOST = "$(BUILT_PRODUCTS_DIR)/Stage.app/Stage";
				TVOS_DEPLOYMENT_TARGET = 10.1;
				VALIDATE_PRODUCT = YES;
			};
			name = Release;
		};
/* End XCBuildConfiguration section */

/* Begin XCConfigurationList section */
		870C4BB41E3CB0F800AF6DE7 /* Build configuration list for PBXNativeTarget "Stage" */ = {
			isa = XCConfigurationList;
			buildConfigurations = (
				870C4BB01E3CB0F800AF6DE7 /* Debug */,
				870C4BB11E3CB0F800AF6DE7 /* Release */,
			);
			defaultConfigurationIsVisible = 0;
			defaultConfigurationName = Release;
		};
		870C4BB51E3CB0F800AF6DE7 /* Build configuration list for PBXNativeTarget "StageUITests" */ = {
			isa = XCConfigurationList;
			buildConfigurations = (
				870C4BB21E3CB0F800AF6DE7 /* Debug */,
				870C4BB31E3CB0F800AF6DE7 /* Release */,
			);
			defaultConfigurationIsVisible = 0;
			defaultConfigurationName = Release;
		};
		870C4BD21E3CB10500AF6DE7 /* Build configuration list for PBXNativeTarget "Computer" */ = {
			isa = XCConfigurationList;
			buildConfigurations = (
				870C4BD31E3CB10500AF6DE7 /* Debug */,
				870C4BD41E3CB10500AF6DE7 /* Release */,
			);
			defaultConfigurationIsVisible = 0;
			defaultConfigurationName = Release;
		};
		870C4BD61E3CB10500AF6DE7 /* Build configuration list for PBXNativeTarget "ComputerTests" */ = {
			isa = XCConfigurationList;
			buildConfigurations = (
				870C4BD71E3CB10500AF6DE7 /* Debug */,
				870C4BD81E3CB10500AF6DE7 /* Release */,
			);
			defaultConfigurationIsVisible = 0;
			defaultConfigurationName = Release;
		};
		870C4C901E3D63A500AF6DE7 /* Build configuration list for PBXNativeTarget "Distributor" */ = {
			isa = XCConfigurationList;
			buildConfigurations = (
				870C4C911E3D63A500AF6DE7 /* Debug */,
				870C4C921E3D63A500AF6DE7 /* Release */,
			);
			defaultConfigurationIsVisible = 0;
			defaultConfigurationName = Release;
		};
		870C4C931E3D63A500AF6DE7 /* Build configuration list for PBXNativeTarget "DistributorTests" */ = {
			isa = XCConfigurationList;
			buildConfigurations = (
				870C4C941E3D63A500AF6DE7 /* Debug */,
				870C4C951E3D63A500AF6DE7 /* Release */,
			);
			defaultConfigurationIsVisible = 0;
			defaultConfigurationName = Release;
		};
		8740ED741E41C63F00D6B6B1 /* Build configuration list for PBXNativeTarget "Optimizer" */ = {
			isa = XCConfigurationList;
			buildConfigurations = (
				8740ED701E41C63F00D6B6B1 /* Debug */,
				8740ED711E41C63F00D6B6B1 /* Release */,
			);
			defaultConfigurationIsVisible = 0;
			defaultConfigurationName = Release;
		};
		8740ED751E41C63F00D6B6B1 /* Build configuration list for PBXNativeTarget "OptimizerTests" */ = {
			isa = XCConfigurationList;
			buildConfigurations = (
				8740ED721E41C63F00D6B6B1 /* Debug */,
				8740ED731E41C63F00D6B6B1 /* Release */,
			);
			defaultConfigurationIsVisible = 0;
			defaultConfigurationName = Release;
		};
		8759314B1E3B40C5006B60FF /* Build configuration list for PBXProject "tvOS" */ = {
			isa = XCConfigurationList;
			buildConfigurations = (
				8759314C1E3B40C5006B60FF /* Debug */,
				8759314D1E3B40C5006B60FF /* Release */,
			);
			defaultConfigurationIsVisible = 0;
			defaultConfigurationName = Release;
		};
		87BD66651E6E934000811ACF /* Build configuration list for PBXNativeTarget "Math" */ = {
			isa = XCConfigurationList;
			buildConfigurations = (
				87BD66661E6E934000811ACF /* Debug */,
				87BD66671E6E934000811ACF /* Release */,
			);
			defaultConfigurationIsVisible = 0;
			defaultConfigurationName = Release;
		};
		87BD66681E6E934000811ACF /* Build configuration list for PBXNativeTarget "MathTests" */ = {
			isa = XCConfigurationList;
			buildConfigurations = (
				87BD66691E6E934000811ACF /* Debug */,
				87BD666A1E6E934000811ACF /* Release */,
			);
			defaultConfigurationIsVisible = 0;
			defaultConfigurationName = Release;
		};
/* End XCConfigurationList section */
	};
	rootObject = 875931481E3B40C5006B60FF /* Project object */;
}
